// !$*UTF8*$!
{
	archiveVersion = 1;
	classes = {
	};
	objectVersion = 56;
	objects = {

/* Begin PBXBuildFile section */
		D8B499252D567AE000F30FF4 /* AppDelegate.swift in Sources */ = {isa = PBXBuildFile; fileRef = D8B499242D567AE000F30FF4 /* AppDelegate.swift */; };
		D8B499272D567AE000F30FF4 /* SceneDelegate.swift in Sources */ = {isa = PBXBuildFile; fileRef = D8B499262D567AE000F30FF4 /* SceneDelegate.swift */; };
		D8B499292D567AE000F30FF4 /* ViewController.swift in Sources */ = {isa = PBXBuildFile; fileRef = D8B499282D567AE000F30FF4 /* ViewController.swift */; };
		D8B4992C2D567AE000F30FF4 /* Base in Resources */ = {isa = PBXBuildFile; fileRef = D8B4992B2D567AE000F30FF4 /* Base */; };
		D8B4992E2D567AE200F30FF4 /* Assets.xcassets in Resources */ = {isa = PBXBuildFile; fileRef = D8B4992D2D567AE200F30FF4 /* Assets.xcassets */; };
		D8B499312D567AE200F30FF4 /* Base in Resources */ = {isa = PBXBuildFile; fileRef = D8B499302D567AE200F30FF4 /* Base */; };
		D8B4993C2D567AE200F30FF4 /* Week_5Tests.swift in Sources */ = {isa = PBXBuildFile; fileRef = D8B4993B2D567AE200F30FF4 /* Week_5Tests.swift */; };
		D8B499462D567AE200F30FF4 /* Week_5UITests.swift in Sources */ = {isa = PBXBuildFile; fileRef = D8B499452D567AE200F30FF4 /* Week_5UITests.swift */; };
		D8B499482D567AE200F30FF4 /* Week_5UITestsLaunchTests.swift in Sources */ = {isa = PBXBuildFile; fileRef = D8B499472D567AE200F30FF4 /* Week_5UITestsLaunchTests.swift */; };
		D8B499552D568CB700F30FF4 /* MintViewController.swift in Sources */ = {isa = PBXBuildFile; fileRef = D8B499542D568CB700F30FF4 /* MintViewController.swift */; };
		D8B499572D568CC600F30FF4 /* BlueViewController.swift in Sources */ = {isa = PBXBuildFile; fileRef = D8B499562D568CC600F30FF4 /* BlueViewController.swift */; };
		D8B499592D569D6600F30FF4 /* Bonus.swift in Sources */ = {isa = PBXBuildFile; fileRef = D8B499582D569D6600F30FF4 /* Bonus.swift */; };
/* End PBXBuildFile section */

/* Begin PBXContainerItemProxy section */
		D8B499382D567AE200F30FF4 /* PBXContainerItemProxy */ = {
			isa = PBXContainerItemProxy;
			containerPortal = D8B499192D567AE000F30FF4 /* Project object */;
			proxyType = 1;
			remoteGlobalIDString = D8B499202D567AE000F30FF4;
			remoteInfo = Week_5;
		};
		D8B499422D567AE200F30FF4 /* PBXContainerItemProxy */ = {
			isa = PBXContainerItemProxy;
			containerPortal = D8B499192D567AE000F30FF4 /* Project object */;
			proxyType = 1;
			remoteGlobalIDString = D8B499202D567AE000F30FF4;
			remoteInfo = Week_5;
		};
/* End PBXContainerItemProxy section */

/* Begin PBXFileReference section */
		D8B499212D567AE000F30FF4 /* Week_5.app */ = {isa = PBXFileReference; explicitFileType = wrapper.application; includeInIndex = 0; path = Week_5.app; sourceTree = BUILT_PRODUCTS_DIR; };
		D8B499242D567AE000F30FF4 /* AppDelegate.swift */ = {isa = PBXFileReference; lastKnownFileType = sourcecode.swift; path = AppDelegate.swift; sourceTree = "<group>"; };
		D8B499262D567AE000F30FF4 /* SceneDelegate.swift */ = {isa = PBXFileReference; lastKnownFileType = sourcecode.swift; path = SceneDelegate.swift; sourceTree = "<group>"; };
		D8B499282D567AE000F30FF4 /* ViewController.swift */ = {isa = PBXFileReference; lastKnownFileType = sourcecode.swift; path = ViewController.swift; sourceTree = "<group>"; };
		D8B4992B2D567AE000F30FF4 /* Base */ = {isa = PBXFileReference; lastKnownFileType = file.storyboard; name = Base; path = Base.lproj/Main.storyboard; sourceTree = "<group>"; };
		D8B4992D2D567AE200F30FF4 /* Assets.xcassets */ = {isa = PBXFileReference; lastKnownFileType = folder.assetcatalog; path = Assets.xcassets; sourceTree = "<group>"; };
		D8B499302D567AE200F30FF4 /* Base */ = {isa = PBXFileReference; lastKnownFileType = file.storyboard; name = Base; path = Base.lproj/LaunchScreen.storyboard; sourceTree = "<group>"; };
		D8B499322D567AE200F30FF4 /* Info.plist */ = {isa = PBXFileReference; lastKnownFileType = text.plist.xml; path = Info.plist; sourceTree = "<group>"; };
		D8B499372D567AE200F30FF4 /* Week_5Tests.xctest */ = {isa = PBXFileReference; explicitFileType = wrapper.cfbundle; includeInIndex = 0; path = Week_5Tests.xctest; sourceTree = BUILT_PRODUCTS_DIR; };
		D8B4993B2D567AE200F30FF4 /* Week_5Tests.swift */ = {isa = PBXFileReference; lastKnownFileType = sourcecode.swift; path = Week_5Tests.swift; sourceTree = "<group>"; };
		D8B499412D567AE200F30FF4 /* Week_5UITests.xctest */ = {isa = PBXFileReference; explicitFileType = wrapper.cfbundle; includeInIndex = 0; path = Week_5UITests.xctest; sourceTree = BUILT_PRODUCTS_DIR; };
		D8B499452D567AE200F30FF4 /* Week_5UITests.swift */ = {isa = PBXFileReference; lastKnownFileType = sourcecode.swift; path = Week_5UITests.swift; sourceTree = "<group>"; };
		D8B499472D567AE200F30FF4 /* Week_5UITestsLaunchTests.swift */ = {isa = PBXFileReference; lastKnownFileType = sourcecode.swift; path = Week_5UITestsLaunchTests.swift; sourceTree = "<group>"; };
		D8B499542D568CB700F30FF4 /* MintViewController.swift */ = {isa = PBXFileReference; lastKnownFileType = sourcecode.swift; path = MintViewController.swift; sourceTree = "<group>"; };
		D8B499562D568CC600F30FF4 /* BlueViewController.swift */ = {isa = PBXFileReference; lastKnownFileType = sourcecode.swift; path = BlueViewController.swift; sourceTree = "<group>"; };
		D8B499582D569D6600F30FF4 /* Bonus.swift */ = {isa = PBXFileReference; lastKnownFileType = sourcecode.swift; path = Bonus.swift; sourceTree = "<group>"; };
/* End PBXFileReference section */

/* Begin PBXFrameworksBuildPhase section */
		D8B4991E2D567AE000F30FF4 /* Frameworks */ = {
			isa = PBXFrameworksBuildPhase;
			buildActionMask = 2147483647;
			files = (
			);
			runOnlyForDeploymentPostprocessing = 0;
		};
		D8B499342D567AE200F30FF4 /* Frameworks */ = {
			isa = PBXFrameworksBuildPhase;
			buildActionMask = 2147483647;
			files = (
			);
			runOnlyForDeploymentPostprocessing = 0;
		};
		D8B4993E2D567AE200F30FF4 /* Frameworks */ = {
			isa = PBXFrameworksBuildPhase;
			buildActionMask = 2147483647;
			files = (
			);
			runOnlyForDeploymentPostprocessing = 0;
		};
/* End PBXFrameworksBuildPhase section */

/* Begin PBXGroup section */
		D8B499182D567AE000F30FF4 = {
			isa = PBXGroup;
			children = (
				D8B499582D569D6600F30FF4 /* Bonus.swift */,
				D8B499232D567AE000F30FF4 /* Week_5 */,
				D8B4993A2D567AE200F30FF4 /* Week_5Tests */,
				D8B499442D567AE200F30FF4 /* Week_5UITests */,
				D8B499222D567AE000F30FF4 /* Products */,
			);
			sourceTree = "<group>";
		};
		D8B499222D567AE000F30FF4 /* Products */ = {
			isa = PBXGroup;
			children = (
				D8B499212D567AE000F30FF4 /* Week_5.app */,
				D8B499372D567AE200F30FF4 /* Week_5Tests.xctest */,
				D8B499412D567AE200F30FF4 /* Week_5UITests.xctest */,
			);
			name = Products;
			sourceTree = "<group>";
		};
		D8B499232D567AE000F30FF4 /* Week_5 */ = {
			isa = PBXGroup;
			children = (
				D8B499242D567AE000F30FF4 /* AppDelegate.swift */,
				D8B499262D567AE000F30FF4 /* SceneDelegate.swift */,
				D8B499282D567AE000F30FF4 /* ViewController.swift */,
				D8B4992A2D567AE000F30FF4 /* Main.storyboard */,
				D8B4992D2D567AE200F30FF4 /* Assets.xcassets */,
				D8B4992F2D567AE200F30FF4 /* LaunchScreen.storyboard */,
				D8B499322D567AE200F30FF4 /* Info.plist */,
				D8B499542D568CB700F30FF4 /* MintViewController.swift */,
				D8B499562D568CC600F30FF4 /* BlueViewController.swift */,
			);
			path = Week_5;
			sourceTree = "<group>";
		};
		D8B4993A2D567AE200F30FF4 /* Week_5Tests */ = {
			isa = PBXGroup;
			children = (
				D8B4993B2D567AE200F30FF4 /* Week_5Tests.swift */,
			);
			path = Week_5Tests;
			sourceTree = "<group>";
		};
		D8B499442D567AE200F30FF4 /* Week_5UITests */ = {
			isa = PBXGroup;
			children = (
				D8B499452D567AE200F30FF4 /* Week_5UITests.swift */,
				D8B499472D567AE200F30FF4 /* Week_5UITestsLaunchTests.swift */,
			);
			path = Week_5UITests;
			sourceTree = "<group>";
		};
/* End PBXGroup section */

/* Begin PBXNativeTarget section */
		D8B499202D567AE000F30FF4 /* Week_5 */ = {
			isa = PBXNativeTarget;
			buildConfigurationList = D8B4994B2D567AE200F30FF4 /* Build configuration list for PBXNativeTarget "Week_5" */;
			buildPhases = (
				D8B4991D2D567AE000F30FF4 /* Sources */,
				D8B4991E2D567AE000F30FF4 /* Frameworks */,
				D8B4991F2D567AE000F30FF4 /* Resources */,
			);
			buildRules = (
			);
			dependencies = (
			);
			name = Week_5;
			productName = Week_5;
			productReference = D8B499212D567AE000F30FF4 /* Week_5.app */;
			productType = "com.apple.product-type.application";
		};
		D8B499362D567AE200F30FF4 /* Week_5Tests */ = {
			isa = PBXNativeTarget;
			buildConfigurationList = D8B4994E2D567AE200F30FF4 /* Build configuration list for PBXNativeTarget "Week_5Tests" */;
			buildPhases = (
				D8B499332D567AE200F30FF4 /* Sources */,
				D8B499342D567AE200F30FF4 /* Frameworks */,
				D8B499352D567AE200F30FF4 /* Resources */,
			);
			buildRules = (
			);
			dependencies = (
				D8B499392D567AE200F30FF4 /* PBXTargetDependency */,
			);
			name = Week_5Tests;
			productName = Week_5Tests;
			productReference = D8B499372D567AE200F30FF4 /* Week_5Tests.xctest */;
			productType = "com.apple.product-type.bundle.unit-test";
		};
		D8B499402D567AE200F30FF4 /* Week_5UITests */ = {
			isa = PBXNativeTarget;
			buildConfigurationList = D8B499512D567AE200F30FF4 /* Build configuration list for PBXNativeTarget "Week_5UITests" */;
			buildPhases = (
				D8B4993D2D567AE200F30FF4 /* Sources */,
				D8B4993E2D567AE200F30FF4 /* Frameworks */,
				D8B4993F2D567AE200F30FF4 /* Resources */,
			);
			buildRules = (
			);
			dependencies = (
				D8B499432D567AE200F30FF4 /* PBXTargetDependency */,
			);
			name = Week_5UITests;
			productName = Week_5UITests;
			productReference = D8B499412D567AE200F30FF4 /* Week_5UITests.xctest */;
			productType = "com.apple.product-type.bundle.ui-testing";
		};
/* End PBXNativeTarget section */

/* Begin PBXProject section */
		D8B499192D567AE000F30FF4 /* Project object */ = {
			isa = PBXProject;
			attributes = {
				BuildIndependentTargetsInParallel = 1;
				LastSwiftUpdateCheck = 1540;
				LastUpgradeCheck = 1540;
				TargetAttributes = {
					D8B499202D567AE000F30FF4 = {
						CreatedOnToolsVersion = 15.4;
					};
					D8B499362D567AE200F30FF4 = {
						CreatedOnToolsVersion = 15.4;
						TestTargetID = D8B499202D567AE000F30FF4;
					};
					D8B499402D567AE200F30FF4 = {
						CreatedOnToolsVersion = 15.4;
						TestTargetID = D8B499202D567AE000F30FF4;
					};
				};
			};
			buildConfigurationList = D8B4991C2D567AE000F30FF4 /* Build configuration list for PBXProject "Week_5" */;
			compatibilityVersion = "Xcode 14.0";
			developmentRegion = en;
			hasScannedForEncodings = 0;
			knownRegions = (
				en,
				Base,
			);
			mainGroup = D8B499182D567AE000F30FF4;
			productRefGroup = D8B499222D567AE000F30FF4 /* Products */;
			projectDirPath = "";
			projectRoot = "";
			targets = (
				D8B499202D567AE000F30FF4 /* Week_5 */,
				D8B499362D567AE200F30FF4 /* Week_5Tests */,
				D8B499402D567AE200F30FF4 /* Week_5UITests */,
			);
		};
/* End PBXProject section */

/* Begin PBXResourcesBuildPhase section */
		D8B4991F2D567AE000F30FF4 /* Resources */ = {
			isa = PBXResourcesBuildPhase;
			buildActionMask = 2147483647;
			files = (
				D8B4992E2D567AE200F30FF4 /* Assets.xcassets in Resources */,
				D8B499312D567AE200F30FF4 /* Base in Resources */,
				D8B4992C2D567AE000F30FF4 /* Base in Resources */,
			);
			runOnlyForDeploymentPostprocessing = 0;
		};
		D8B499352D567AE200F30FF4 /* Resources */ = {
			isa = PBXResourcesBuildPhase;
			buildActionMask = 2147483647;
			files = (
			);
			runOnlyForDeploymentPostprocessing = 0;
		};
		D8B4993F2D567AE200F30FF4 /* Resources */ = {
			isa = PBXResourcesBuildPhase;
			buildActionMask = 2147483647;
			files = (
			);
			runOnlyForDeploymentPostprocessing = 0;
		};
/* End PBXResourcesBuildPhase section */

/* Begin PBXSourcesBuildPhase section */
		D8B4991D2D567AE000F30FF4 /* Sources */ = {
			isa = PBXSourcesBuildPhase;
			buildActionMask = 2147483647;
			files = (
				D8B499292D567AE000F30FF4 /* ViewController.swift in Sources */,
				D8B499252D567AE000F30FF4 /* AppDelegate.swift in Sources */,
				D8B499552D568CB700F30FF4 /* MintViewController.swift in Sources */,
				D8B499572D568CC600F30FF4 /* BlueViewController.swift in Sources */,
				D8B499272D567AE000F30FF4 /* SceneDelegate.swift in Sources */,
				D8B499592D569D6600F30FF4 /* Bonus.swift in Sources */,
			);
			runOnlyForDeploymentPostprocessing = 0;
		};
		D8B499332D567AE200F30FF4 /* Sources */ = {
			isa = PBXSourcesBuildPhase;
			buildActionMask = 2147483647;
			files = (
				D8B4993C2D567AE200F30FF4 /* Week_5Tests.swift in Sources */,
			);
			runOnlyForDeploymentPostprocessing = 0;
		};
		D8B4993D2D567AE200F30FF4 /* Sources */ = {
			isa = PBXSourcesBuildPhase;
			buildActionMask = 2147483647;
			files = (
				D8B499482D567AE200F30FF4 /* Week_5UITestsLaunchTests.swift in Sources */,
				D8B499462D567AE200F30FF4 /* Week_5UITests.swift in Sources */,
			);
			runOnlyForDeploymentPostprocessing = 0;
		};
/* End PBXSourcesBuildPhase section */

/* Begin PBXTargetDependency section */
		D8B499392D567AE200F30FF4 /* PBXTargetDependency */ = {
			isa = PBXTargetDependency;
			target = D8B499202D567AE000F30FF4 /* Week_5 */;
			targetProxy = D8B499382D567AE200F30FF4 /* PBXContainerItemProxy */;
		};
		D8B499432D567AE200F30FF4 /* PBXTargetDependency */ = {
			isa = PBXTargetDependency;
			target = D8B499202D567AE000F30FF4 /* Week_5 */;
			targetProxy = D8B499422D567AE200F30FF4 /* PBXContainerItemProxy */;
		};
/* End PBXTargetDependency section */

/* Begin PBXVariantGroup section */
		D8B4992A2D567AE000F30FF4 /* Main.storyboard */ = {
			isa = PBXVariantGroup;
			children = (
				D8B4992B2D567AE000F30FF4 /* Base */,
			);
			name = Main.storyboard;
			sourceTree = "<group>";
		};
		D8B4992F2D567AE200F30FF4 /* LaunchScreen.storyboard */ = {
			isa = PBXVariantGroup;
			children = (
				D8B499302D567AE200F30FF4 /* Base */,
			);
			name = LaunchScreen.storyboard;
			sourceTree = "<group>";
		};
/* End PBXVariantGroup section */

/* Begin XCBuildConfiguration section */
		D8B499492D567AE200F30FF4 /* Debug */ = {
			isa = XCBuildConfiguration;
			buildSettings = {
				ALWAYS_SEARCH_USER_PATHS = NO;
				ASSETCATALOG_COMPILER_GENERATE_SWIFT_ASSET_SYMBOL_EXTENSIONS = YES;
				CLANG_ANALYZER_NONNULL = YES;
				CLANG_ANALYZER_NUMBER_OBJECT_CONVERSION = YES_AGGRESSIVE;
				CLANG_CXX_LANGUAGE_STANDARD = "gnu++20";
				CLANG_ENABLE_MODULES = YES;
				CLANG_ENABLE_OBJC_ARC = YES;
				CLANG_ENABLE_OBJC_WEAK = YES;
				CLANG_WARN_BLOCK_CAPTURE_AUTORELEASING = YES;
				CLANG_WARN_BOOL_CONVERSION = YES;
				CLANG_WARN_COMMA = YES;
				CLANG_WARN_CONSTANT_CONVERSION = YES;
				CLANG_WARN_DEPRECATED_OBJC_IMPLEMENTATIONS = YES;
				CLANG_WARN_DIRECT_OBJC_ISA_USAGE = YES_ERROR;
				CLANG_WARN_DOCUMENTATION_COMMENTS = YES;
				CLANG_WARN_EMPTY_BODY = YES;
				CLANG_WARN_ENUM_CONVERSION = YES;
				CLANG_WARN_INFINITE_RECURSION = YES;
				CLANG_WARN_INT_CONVERSION = YES;
				CLANG_WARN_NON_LITERAL_NULL_CONVERSION = YES;
				CLANG_WARN_OBJC_IMPLICIT_RETAIN_SELF = YES;
				CLANG_WARN_OBJC_LITERAL_CONVERSION = YES;
				CLANG_WARN_OBJC_ROOT_CLASS = YES_ERROR;
				CLANG_WARN_QUOTED_INCLUDE_IN_FRAMEWORK_HEADER = YES;
				CLANG_WARN_RANGE_LOOP_ANALYSIS = YES;
				CLANG_WARN_STRICT_PROTOTYPES = YES;
				CLANG_WARN_SUSPICIOUS_MOVE = YES;
				CLANG_WARN_UNGUARDED_AVAILABILITY = YES_AGGRESSIVE;
				CLANG_WARN_UNREACHABLE_CODE = YES;
				CLANG_WARN__DUPLICATE_METHOD_MATCH = YES;
				COPY_PHASE_STRIP = NO;
				DEBUG_INFORMATION_FORMAT = dwarf;
				ENABLE_STRICT_OBJC_MSGSEND = YES;
				ENABLE_TESTABILITY = YES;
				ENABLE_USER_SCRIPT_SANDBOXING = YES;
				GCC_C_LANGUAGE_STANDARD = gnu17;
				GCC_DYNAMIC_NO_PIC = NO;
				GCC_NO_COMMON_BLOCKS = YES;
				GCC_OPTIMIZATION_LEVEL = 0;
				GCC_PREPROCESSOR_DEFINITIONS = (
					"DEBUG=1",
					"$(inherited)",
				);
				GCC_WARN_64_TO_32_BIT_CONVERSION = YES;
				GCC_WARN_ABOUT_RETURN_TYPE = YES_ERROR;
				GCC_WARN_UNDECLARED_SELECTOR = YES;
				GCC_WARN_UNINITIALIZED_AUTOS = YES_AGGRESSIVE;
				GCC_WARN_UNUSED_FUNCTION = YES;
				GCC_WARN_UNUSED_VARIABLE = YES;
				IPHONEOS_DEPLOYMENT_TARGET = 17.5;
				LOCALIZATION_PREFERS_STRING_CATALOGS = YES;
				MTL_ENABLE_DEBUG_INFO = INCLUDE_SOURCE;
				MTL_FAST_MATH = YES;
				ONLY_ACTIVE_ARCH = YES;
				SDKROOT = iphoneos;
				SWIFT_ACTIVE_COMPILATION_CONDITIONS = "DEBUG $(inherited)";
				SWIFT_OPTIMIZATION_LEVEL = "-Onone";
			};
			name = Debug;
		};
		D8B4994A2D567AE200F30FF4 /* Release */ = {
			isa = XCBuildConfiguration;
			buildSettings = {
				ALWAYS_SEARCH_USER_PATHS = NO;
				ASSETCATALOG_COMPILER_GENERATE_SWIFT_ASSET_SYMBOL_EXTENSIONS = YES;
				CLANG_ANALYZER_NONNULL = YES;
				CLANG_ANALYZER_NUMBER_OBJECT_CONVERSION = YES_AGGRESSIVE;
				CLANG_CXX_LANGUAGE_STANDARD = "gnu++20";
				CLANG_ENABLE_MODULES = YES;
				CLANG_ENABLE_OBJC_ARC = YES;
				CLANG_ENABLE_OBJC_WEAK = YES;
				CLANG_WARN_BLOCK_CAPTURE_AUTORELEASING = YES;
				CLANG_WARN_BOOL_CONVERSION = YES;
				CLANG_WARN_COMMA = YES;
				CLANG_WARN_CONSTANT_CONVERSION = YES;
				CLANG_WARN_DEPRECATED_OBJC_IMPLEMENTATIONS = YES;
				CLANG_WARN_DIRECT_OBJC_ISA_USAGE = YES_ERROR;
				CLANG_WARN_DOCUMENTATION_COMMENTS = YES;
				CLANG_WARN_EMPTY_BODY = YES;
				CLANG_WARN_ENUM_CONVERSION = YES;
				CLANG_WARN_INFINITE_RECURSION = YES;
				CLANG_WARN_INT_CONVERSION = YES;
				CLANG_WARN_NON_LITERAL_NULL_CONVERSION = YES;
				CLANG_WARN_OBJC_IMPLICIT_RETAIN_SELF = YES;
				CLANG_WARN_OBJC_LITERAL_CONVERSION = YES;
				CLANG_WARN_OBJC_ROOT_CLASS = YES_ERROR;
				CLANG_WARN_QUOTED_INCLUDE_IN_FRAMEWORK_HEADER = YES;
				CLANG_WARN_RANGE_LOOP_ANALYSIS = YES;
				CLANG_WARN_STRICT_PROTOTYPES = YES;
				CLANG_WARN_SUSPICIOUS_MOVE = YES;
				CLANG_WARN_UNGUARDED_AVAILABILITY = YES_AGGRESSIVE;
				CLANG_WARN_UNREACHABLE_CODE = YES;
				CLANG_WARN__DUPLICATE_METHOD_MATCH = YES;
				COPY_PHASE_STRIP = NO;
				DEBUG_INFORMATION_FORMAT = "dwarf-with-dsym";
				ENABLE_NS_ASSERTIONS = NO;
				ENABLE_STRICT_OBJC_MSGSEND = YES;
				ENABLE_USER_SCRIPT_SANDBOXING = YES;
				GCC_C_LANGUAGE_STANDARD = gnu17;
				GCC_NO_COMMON_BLOCKS = YES;
				GCC_WARN_64_TO_32_BIT_CONVERSION = YES;
				GCC_WARN_ABOUT_RETURN_TYPE = YES_ERROR;
				GCC_WARN_UNDECLARED_SELECTOR = YES;
				GCC_WARN_UNINITIALIZED_AUTOS = YES_AGGRESSIVE;
				GCC_WARN_UNUSED_FUNCTION = YES;
				GCC_WARN_UNUSED_VARIABLE = YES;
				IPHONEOS_DEPLOYMENT_TARGET = 17.5;
				LOCALIZATION_PREFERS_STRING_CATALOGS = YES;
				MTL_ENABLE_DEBUG_INFO = NO;
				MTL_FAST_MATH = YES;
				SDKROOT = iphoneos;
				SWIFT_COMPILATION_MODE = wholemodule;
				VALIDATE_PRODUCT = YES;
			};
			name = Release;
		};
		D8B4994C2D567AE200F30FF4 /* Debug */ = {
			isa = XCBuildConfiguration;
			buildSettings = {
				ASSETCATALOG_COMPILER_APPICON_NAME = AppIcon;
				ASSETCATALOG_COMPILER_GLOBAL_ACCENT_COLOR_NAME = AccentColor;
				CODE_SIGN_STYLE = Automatic;
				CURRENT_PROJECT_VERSION = 1;
				GENERATE_INFOPLIST_FILE = YES;
				INFOPLIST_FILE = Week_5/Info.plist;
				INFOPLIST_KEY_UIApplicationSupportsIndirectInputEvents = YES;
				INFOPLIST_KEY_UILaunchStoryboardName = LaunchScreen;
				INFOPLIST_KEY_UIMainStoryboardFile = Main;
				INFOPLIST_KEY_UISupportedInterfaceOrientations_iPad = "UIInterfaceOrientationPortrait UIInterfaceOrientationPortraitUpsideDown UIInterfaceOrientationLandscapeLeft UIInterfaceOrientationLandscapeRight";
				INFOPLIST_KEY_UISupportedInterfaceOrientations_iPhone = "UIInterfaceOrientationPortrait UIInterfaceOrientationLandscapeLeft UIInterfaceOrientationLandscapeRight";
				LD_RUNPATH_SEARCH_PATHS = (
					"$(inherited)",
					"@executable_path/Frameworks",
				);
				MARKETING_VERSION = 1.0;
				PRODUCT_BUNDLE_IDENTIFIER = "humber.ca.Week-5";
				PRODUCT_NAME = "$(TARGET_NAME)";
				SWIFT_EMIT_LOC_STRINGS = YES;
				SWIFT_VERSION = 5.0;
				TARGETED_DEVICE_FAMILY = "1,2";
			};
			name = Debug;
		};
		D8B4994D2D567AE200F30FF4 /* Release */ = {
			isa = XCBuildConfiguration;
			buildSettings = {
				ASSETCATALOG_COMPILER_APPICON_NAME = AppIcon;
				ASSETCATALOG_COMPILER_GLOBAL_ACCENT_COLOR_NAME = AccentColor;
				CODE_SIGN_STYLE = Automatic;
				CURRENT_PROJECT_VERSION = 1;
				GENERATE_INFOPLIST_FILE = YES;
				INFOPLIST_FILE = Week_5/Info.plist;
				INFOPLIST_KEY_UIApplicationSupportsIndirectInputEvents = YES;
				INFOPLIST_KEY_UILaunchStoryboardName = LaunchScreen;
				INFOPLIST_KEY_UIMainStoryboardFile = Main;
				INFOPLIST_KEY_UISupportedInterfaceOrientations_iPad = "UIInterfaceOrientationPortrait UIInterfaceOrientationPortraitUpsideDown UIInterfaceOrientationLandscapeLeft UIInterfaceOrientationLandscapeRight";
				INFOPLIST_KEY_UISupportedInterfaceOrientations_iPhone = "UIInterfaceOrientationPortrait UIInterfaceOrientationLandscapeLeft UIInterfaceOrientationLandscapeRight";
				LD_RUNPATH_SEARCH_PATHS = (
					"$(inherited)",
					"@executable_path/Frameworks",
				);
				MARKETING_VERSION = 1.0;
				PRODUCT_BUNDLE_IDENTIFIER = "humber.ca.Week-5";
				PRODUCT_NAME = "$(TARGET_NAME)";
				SWIFT_EMIT_LOC_STRINGS = YES;
				SWIFT_VERSION = 5.0;
				TARGETED_DEVICE_FAMILY = "1,2";
			};
			name = Release;
		};
		D8B4994F2D567AE200F30FF4 /* Debug */ = {
			isa = XCBuildConfiguration;
			buildSettings = {
				ALWAYS_EMBED_SWIFT_STANDARD_LIBRARIES = YES;
				BUNDLE_LOADER = "$(TEST_HOST)";
				CODE_SIGN_STYLE = Automatic;
				CURRENT_PROJECT_VERSION = 1;
				GENERATE_INFOPLIST_FILE = YES;
				IPHONEOS_DEPLOYMENT_TARGET = 17.5;
				MARKETING_VERSION = 1.0;
				PRODUCT_BUNDLE_IDENTIFIER = "humber.ca.Week-5Tests";
				PRODUCT_NAME = "$(TARGET_NAME)";
				SWIFT_EMIT_LOC_STRINGS = NO;
				SWIFT_VERSION = 5.0;
				TARGETED_DEVICE_FAMILY = "1,2";
				TEST_HOST = "$(BUILT_PRODUCTS_DIR)/Week_5.app/$(BUNDLE_EXECUTABLE_FOLDER_PATH)/Week_5";
			};
			name = Debug;
		};
		D8B499502D567AE200F30FF4 /* Release */ = {
			isa = XCBuildConfiguration;
			buildSettings = {
				ALWAYS_EMBED_SWIFT_STANDARD_LIBRARIES = YES;
				BUNDLE_LOADER = "$(TEST_HOST)";
				CODE_SIGN_STYLE = Automatic;
				CURRENT_PROJECT_VERSION = 1;
				GENERATE_INFOPLIST_FILE = YES;
				IPHONEOS_DEPLOYMENT_TARGET = 17.5;
				MARKETING_VERSION = 1.0;
				PRODUCT_BUNDLE_IDENTIFIER = "humber.ca.Week-5Tests";
				PRODUCT_NAME = "$(TARGET_NAME)";
				SWIFT_EMIT_LOC_STRINGS = NO;
				SWIFT_VERSION = 5.0;
				TARGETED_DEVICE_FAMILY = "1,2";
				TEST_HOST = "$(BUILT_PRODUCTS_DIR)/Week_5.app/$(BUNDLE_EXECUTABLE_FOLDER_PATH)/Week_5";
			};
			name = Release;
		};
		D8B499522D567AE200F30FF4 /* Debug */ = {
			isa = XCBuildConfiguration;
			buildSettings = {
				ALWAYS_EMBED_SWIFT_STANDARD_LIBRARIES = YES;
				CODE_SIGN_STYLE = Automatic;
				CURRENT_PROJECT_VERSION = 1;
				GENERATE_INFOPLIST_FILE = YES;
				MARKETING_VERSION = 1.0;
				PRODUCT_BUNDLE_IDENTIFIER = "humber.ca.Week-5UITests";
				PRODUCT_NAME = "$(TARGET_NAME)";
				SWIFT_EMIT_LOC_STRINGS = NO;
				SWIFT_VERSION = 5.0;
				TARGETED_DEVICE_FAMILY = "1,2";
				TEST_TARGET_NAME = Week_5;
			};
			name = Debug;
		};
		D8B499532D567AE200F30FF4 /* Release */ = {
			isa = XCBuildConfiguration;
			buildSettings = {
				ALWAYS_EMBED_SWIFT_STANDARD_LIBRARIES = YES;
				CODE_SIGN_STYLE = Automatic;
				CURRENT_PROJECT_VERSION = 1;
				GENERATE_INFOPLIST_FILE = YES;
				MARKETING_VERSION = 1.0;
				PRODUCT_BUNDLE_IDENTIFIER = "humber.ca.Week-5UITests";
				PRODUCT_NAME = "$(TARGET_NAME)";
				SWIFT_EMIT_LOC_STRINGS = NO;
				SWIFT_VERSION = 5.0;
				TARGETED_DEVICE_FAMILY = "1,2";
				TEST_TARGET_NAME = Week_5;
			};
			name = Release;
		};
/* End XCBuildConfiguration section */

/* Begin XCConfigurationList section */
		D8B4991C2D567AE000F30FF4 /* Build configuration list for PBXProject "Week_5" */ = {
			isa = XCConfigurationList;
			buildConfigurations = (
				D8B499492D567AE200F30FF4 /* Debug */,
				D8B4994A2D567AE200F30FF4 /* Release */,
			);
			defaultConfigurationIsVisible = 0;
			defaultConfigurationName = Release;
		};
		D8B4994B2D567AE200F30FF4 /* Build configuration list for PBXNativeTarget "Week_5" */ = {
			isa = XCConfigurationList;
			buildConfigurations = (
				D8B4994C2D567AE200F30FF4 /* Debug */,
				D8B4994D2D567AE200F30FF4 /* Release */,
			);
			defaultConfigurationIsVisible = 0;
			defaultConfigurationName = Release;
		};
		D8B4994E2D567AE200F30FF4 /* Build configuration list for PBXNativeTarget "Week_5Tests" */ = {
			isa = XCConfigurationList;
			buildConfigurations = (
				D8B4994F2D567AE200F30FF4 /* Debug */,
				D8B499502D567AE200F30FF4 /* Release */,
			);
			defaultConfigurationIsVisible = 0;
			defaultConfigurationName = Release;
		};
		D8B499512D567AE200F30FF4 /* Build configuration list for PBXNativeTarget "Week_5UITests" */ = {
			isa = XCConfigurationList;
			buildConfigurations = (
				D8B499522D567AE200F30FF4 /* Debug */,
				D8B499532D567AE200F30FF4 /* Release */,
			);
			defaultConfigurationIsVisible = 0;
			defaultConfigurationName = Release;
		};
/* End XCConfigurationList section */
	};
	rootObject = D8B499192D567AE000F30FF4 /* Project object */;
}
