// !$*UTF8*$!
{
	archiveVersion = 1;
	classes = {
	};
	objectVersion = 56;
	objects = {

/* Begin PBXBuildFile section */
		D8510B662D694B32009F344F /* ManagerViewController.swift in Sources */ = {isa = PBXBuildFile; fileRef = D8510B652D694B32009F344F /* ManagerViewController.swift */; };
		D8BE00EE2D5FA4110035E1FE /* AppDelegate.swift in Sources */ = {isa = PBXBuildFile; fileRef = D8BE00ED2D5FA4110035E1FE /* AppDelegate.swift */; };
		D8BE00F02D5FA4110035E1FE /* SceneDelegate.swift in Sources */ = {isa = PBXBuildFile; fileRef = D8BE00EF2D5FA4110035E1FE /* SceneDelegate.swift */; };
		D8BE00F22D5FA4110035E1FE /* ViewController.swift in Sources */ = {isa = PBXBuildFile; fileRef = D8BE00F12D5FA4110035E1FE /* ViewController.swift */; };
		D8BE00F52D5FA4110035E1FE /* Base in Resources */ = {isa = PBXBuildFile; fileRef = D8BE00F42D5FA4110035E1FE /* Base */; };
		D8BE00F72D5FA4120035E1FE /* Assets.xcassets in Resources */ = {isa = PBXBuildFile; fileRef = D8BE00F62D5FA4120035E1FE /* Assets.xcassets */; };
		D8BE00FA2D5FA4120035E1FE /* Base in Resources */ = {isa = PBXBuildFile; fileRef = D8BE00F92D5FA4120035E1FE /* Base */; };
		D8BE01052D5FA4120035E1FE /* Assignment_2_1_Tests.swift in Sources */ = {isa = PBXBuildFile; fileRef = D8BE01042D5FA4120035E1FE /* Assignment_2_1_Tests.swift */; };
		D8BE010F2D5FA4120035E1FE /* Assignment_2_1_UITests.swift in Sources */ = {isa = PBXBuildFile; fileRef = D8BE010E2D5FA4120035E1FE /* Assignment_2_1_UITests.swift */; };
		D8BE01112D5FA4120035E1FE /* Assignment_2_1_UITestsLaunchTests.swift in Sources */ = {isa = PBXBuildFile; fileRef = D8BE01102D5FA4120035E1FE /* Assignment_2_1_UITestsLaunchTests.swift */; };
		D8BE011E2D5FB05D0035E1FE /* info.swift in Sources */ = {isa = PBXBuildFile; fileRef = D8BE011D2D5FB05D0035E1FE /* info.swift */; };
		D8F278752D725E7A00E3423E /* HistoryViewController.swift in Sources */ = {isa = PBXBuildFile; fileRef = D8F278742D725E7A00E3423E /* HistoryViewController.swift */; };
		D8F278772D7266C700E3423E /* HistoryTableViewController.swift in Sources */ = {isa = PBXBuildFile; fileRef = D8F278762D7266C700E3423E /* HistoryTableViewController.swift */; };
		D8F2787B2D7280CF00E3423E /* NewHistoryTableController.swift in Sources */ = {isa = PBXBuildFile; fileRef = D8F2787A2D7280CF00E3423E /* NewHistoryTableController.swift */; };
		D8F2787D2D72863900E3423E /* RestockTableController.swift in Sources */ = {isa = PBXBuildFile; fileRef = D8F2787C2D72863900E3423E /* RestockTableController.swift */; };
/* End PBXBuildFile section */

/* Begin PBXContainerItemProxy section */
		D8BE01012D5FA4120035E1FE /* PBXContainerItemProxy */ = {
			isa = PBXContainerItemProxy;
			containerPortal = D8BE00E22D5FA4110035E1FE /* Project object */;
			proxyType = 1;
			remoteGlobalIDString = D8BE00E92D5FA4110035E1FE;
			remoteInfo = "Assignment_2(1)";
		};
		D8BE010B2D5FA4120035E1FE /* PBXContainerItemProxy */ = {
			isa = PBXContainerItemProxy;
			containerPortal = D8BE00E22D5FA4110035E1FE /* Project object */;
			proxyType = 1;
			remoteGlobalIDString = D8BE00E92D5FA4110035E1FE;
			remoteInfo = "Assignment_2(1)";
		};
/* End PBXContainerItemProxy section */

/* Begin PBXFileReference section */
		D8510B652D694B32009F344F /* ManagerViewController.swift */ = {isa = PBXFileReference; lastKnownFileType = sourcecode.swift; path = ManagerViewController.swift; sourceTree = "<group>"; };
		D8BE00EA2D5FA4110035E1FE /* Assignment_2(1).app */ = {isa = PBXFileReference; explicitFileType = wrapper.application; includeInIndex = 0; path = "Assignment_2(1).app"; sourceTree = BUILT_PRODUCTS_DIR; };
		D8BE00ED2D5FA4110035E1FE /* AppDelegate.swift */ = {isa = PBXFileReference; lastKnownFileType = sourcecode.swift; path = AppDelegate.swift; sourceTree = "<group>"; };
		D8BE00EF2D5FA4110035E1FE /* SceneDelegate.swift */ = {isa = PBXFileReference; lastKnownFileType = sourcecode.swift; path = SceneDelegate.swift; sourceTree = "<group>"; };
		D8BE00F12D5FA4110035E1FE /* ViewController.swift */ = {isa = PBXFileReference; lastKnownFileType = sourcecode.swift; path = ViewController.swift; sourceTree = "<group>"; };
		D8BE00F42D5FA4110035E1FE /* Base */ = {isa = PBXFileReference; lastKnownFileType = file.storyboard; name = Base; path = Base.lproj/Main.storyboard; sourceTree = "<group>"; };
		D8BE00F62D5FA4120035E1FE /* Assets.xcassets */ = {isa = PBXFileReference; lastKnownFileType = folder.assetcatalog; path = Assets.xcassets; sourceTree = "<group>"; };
		D8BE00F92D5FA4120035E1FE /* Base */ = {isa = PBXFileReference; lastKnownFileType = file.storyboard; name = Base; path = Base.lproj/LaunchScreen.storyboard; sourceTree = "<group>"; };
		D8BE00FB2D5FA4120035E1FE /* Info.plist */ = {isa = PBXFileReference; lastKnownFileType = text.plist.xml; path = Info.plist; sourceTree = "<group>"; };
		D8BE01002D5FA4120035E1FE /* Assignment_2(1)Tests.xctest */ = {isa = PBXFileReference; explicitFileType = wrapper.cfbundle; includeInIndex = 0; path = "Assignment_2(1)Tests.xctest"; sourceTree = BUILT_PRODUCTS_DIR; };
		D8BE01042D5FA4120035E1FE /* Assignment_2_1_Tests.swift */ = {isa = PBXFileReference; lastKnownFileType = sourcecode.swift; path = Assignment_2_1_Tests.swift; sourceTree = "<group>"; };
		D8BE010A2D5FA4120035E1FE /* Assignment_2(1)UITests.xctest */ = {isa = PBXFileReference; explicitFileType = wrapper.cfbundle; includeInIndex = 0; path = "Assignment_2(1)UITests.xctest"; sourceTree = BUILT_PRODUCTS_DIR; };
		D8BE010E2D5FA4120035E1FE /* Assignment_2_1_UITests.swift */ = {isa = PBXFileReference; lastKnownFileType = sourcecode.swift; path = Assignment_2_1_UITests.swift; sourceTree = "<group>"; };
		D8BE01102D5FA4120035E1FE /* Assignment_2_1_UITestsLaunchTests.swift */ = {isa = PBXFileReference; lastKnownFileType = sourcecode.swift; path = Assignment_2_1_UITestsLaunchTests.swift; sourceTree = "<group>"; };
		D8BE011D2D5FB05D0035E1FE /* info.swift */ = {isa = PBXFileReference; lastKnownFileType = sourcecode.swift; path = info.swift; sourceTree = "<group>"; };
		D8F278742D725E7A00E3423E /* HistoryViewController.swift */ = {isa = PBXFileReference; lastKnownFileType = sourcecode.swift; path = HistoryViewController.swift; sourceTree = "<group>"; };
		D8F278762D7266C700E3423E /* HistoryTableViewController.swift */ = {isa = PBXFileReference; lastKnownFileType = sourcecode.swift; path = HistoryTableViewController.swift; sourceTree = "<group>"; };
		D8F2787A2D7280CF00E3423E /* NewHistoryTableController.swift */ = {isa = PBXFileReference; lastKnownFileType = sourcecode.swift; path = NewHistoryTableController.swift; sourceTree = "<group>"; };
		D8F2787C2D72863900E3423E /* RestockTableController.swift */ = {isa = PBXFileReference; lastKnownFileType = sourcecode.swift; path = RestockTableController.swift; sourceTree = "<group>"; };
/* End PBXFileReference section */

/* Begin PBXFrameworksBuildPhase section */
		D8BE00E72D5FA4110035E1FE /* Frameworks */ = {
			isa = PBXFrameworksBuildPhase;
			buildActionMask = 2147483647;
			files = (
			);
			runOnlyForDeploymentPostprocessing = 0;
		};
		D8BE00FD2D5FA4120035E1FE /* Frameworks */ = {
			isa = PBXFrameworksBuildPhase;
			buildActionMask = 2147483647;
			files = (
			);
			runOnlyForDeploymentPostprocessing = 0;
		};
		D8BE01072D5FA4120035E1FE /* Frameworks */ = {
			isa = PBXFrameworksBuildPhase;
			buildActionMask = 2147483647;
			files = (
			);
			runOnlyForDeploymentPostprocessing = 0;
		};
/* End PBXFrameworksBuildPhase section */

/* Begin PBXGroup section */
		D8BE00E12D5FA4110035E1FE = {
			isa = PBXGroup;
			children = (
				D8BE00EC2D5FA4110035E1FE /* Assignment_2(1) */,
				D8BE01032D5FA4120035E1FE /* Assignment_2(1)Tests */,
				D8BE010D2D5FA4120035E1FE /* Assignment_2(1)UITests */,
				D8BE00EB2D5FA4110035E1FE /* Products */,
			);
			sourceTree = "<group>";
		};
		D8BE00EB2D5FA4110035E1FE /* Products */ = {
			isa = PBXGroup;
			children = (
				D8BE00EA2D5FA4110035E1FE /* Assignment_2(1).app */,
				D8BE01002D5FA4120035E1FE /* Assignment_2(1)Tests.xctest */,
				D8BE010A2D5FA4120035E1FE /* Assignment_2(1)UITests.xctest */,
			);
			name = Products;
			sourceTree = "<group>";
		};
		D8BE00EC2D5FA4110035E1FE /* Assignment_2(1) */ = {
			isa = PBXGroup;
			children = (
				D8BE00ED2D5FA4110035E1FE /* AppDelegate.swift */,
				D8BE00EF2D5FA4110035E1FE /* SceneDelegate.swift */,
				D8BE00F12D5FA4110035E1FE /* ViewController.swift */,
				D8BE00F32D5FA4110035E1FE /* Main.storyboard */,
				D8BE00F62D5FA4120035E1FE /* Assets.xcassets */,
				D8BE00F82D5FA4120035E1FE /* LaunchScreen.storyboard */,
				D8BE00FB2D5FA4120035E1FE /* Info.plist */,
				D8BE011D2D5FB05D0035E1FE /* info.swift */,
				D8510B652D694B32009F344F /* ManagerViewController.swift */,
				D8F278742D725E7A00E3423E /* HistoryViewController.swift */,
				D8F278762D7266C700E3423E /* HistoryTableViewController.swift */,
				D8F2787A2D7280CF00E3423E /* NewHistoryTableController.swift */,
				D8F2787C2D72863900E3423E /* RestockTableController.swift */,
			);
			path = "Assignment_2(1)";
			sourceTree = "<group>";
		};
		D8BE01032D5FA4120035E1FE /* Assignment_2(1)Tests */ = {
			isa = PBXGroup;
			children = (
				D8BE01042D5FA4120035E1FE /* Assignment_2_1_Tests.swift */,
			);
			path = "Assignment_2(1)Tests";
			sourceTree = "<group>";
		};
		D8BE010D2D5FA4120035E1FE /* Assignment_2(1)UITests */ = {
			isa = PBXGroup;
			children = (
				D8BE010E2D5FA4120035E1FE /* Assignment_2_1_UITests.swift */,
				D8BE01102D5FA4120035E1FE /* Assignment_2_1_UITestsLaunchTests.swift */,
			);
			path = "Assignment_2(1)UITests";
			sourceTree = "<group>";
		};
/* End PBXGroup section */

/* Begin PBXNativeTarget section */
		D8BE00E92D5FA4110035E1FE /* Assignment_2(1) */ = {
			isa = PBXNativeTarget;
			buildConfigurationList = D8BE01142D5FA4120035E1FE /* Build configuration list for PBXNativeTarget "Assignment_2(1)" */;
			buildPhases = (
				D8BE00E62D5FA4110035E1FE /* Sources */,
				D8BE00E72D5FA4110035E1FE /* Frameworks */,
				D8BE00E82D5FA4110035E1FE /* Resources */,
			);
			buildRules = (
			);
			dependencies = (
			);
			name = "Assignment_2(1)";
			productName = "Assignment_2(1)";
			productReference = D8BE00EA2D5FA4110035E1FE /* Assignment_2(1).app */;
			productType = "com.apple.product-type.application";
		};
		D8BE00FF2D5FA4120035E1FE /* Assignment_2(1)Tests */ = {
			isa = PBXNativeTarget;
			buildConfigurationList = D8BE01172D5FA4120035E1FE /* Build configuration list for PBXNativeTarget "Assignment_2(1)Tests" */;
			buildPhases = (
				D8BE00FC2D5FA4120035E1FE /* Sources */,
				D8BE00FD2D5FA4120035E1FE /* Frameworks */,
				D8BE00FE2D5FA4120035E1FE /* Resources */,
			);
			buildRules = (
			);
			dependencies = (
				D8BE01022D5FA4120035E1FE /* PBXTargetDependency */,
			);
			name = "Assignment_2(1)Tests";
			productName = "Assignment_2(1)Tests";
			productReference = D8BE01002D5FA4120035E1FE /* Assignment_2(1)Tests.xctest */;
			productType = "com.apple.product-type.bundle.unit-test";
		};
		D8BE01092D5FA4120035E1FE /* Assignment_2(1)UITests */ = {
			isa = PBXNativeTarget;
			buildConfigurationList = D8BE011A2D5FA4120035E1FE /* Build configuration list for PBXNativeTarget "Assignment_2(1)UITests" */;
			buildPhases = (
				D8BE01062D5FA4120035E1FE /* Sources */,
				D8BE01072D5FA4120035E1FE /* Frameworks */,
				D8BE01082D5FA4120035E1FE /* Resources */,
			);
			buildRules = (
			);
			dependencies = (
				D8BE010C2D5FA4120035E1FE /* PBXTargetDependency */,
			);
			name = "Assignment_2(1)UITests";
			productName = "Assignment_2(1)UITests";
			productReference = D8BE010A2D5FA4120035E1FE /* Assignment_2(1)UITests.xctest */;
			productType = "com.apple.product-type.bundle.ui-testing";
		};
/* End PBXNativeTarget section */

/* Begin PBXProject section */
		D8BE00E22D5FA4110035E1FE /* Project object */ = {
			isa = PBXProject;
			attributes = {
				BuildIndependentTargetsInParallel = 1;
				LastSwiftUpdateCheck = 1540;
				LastUpgradeCheck = 1540;
				TargetAttributes = {
					D8BE00E92D5FA4110035E1FE = {
						CreatedOnToolsVersion = 15.4;
					};
					D8BE00FF2D5FA4120035E1FE = {
						CreatedOnToolsVersion = 15.4;
						TestTargetID = D8BE00E92D5FA4110035E1FE;
					};
					D8BE01092D5FA4120035E1FE = {
						CreatedOnToolsVersion = 15.4;
						TestTargetID = D8BE00E92D5FA4110035E1FE;
					};
				};
			};
			buildConfigurationList = D8BE00E52D5FA4110035E1FE /* Build configuration list for PBXProject "Assignment_2(1)" */;
			compatibilityVersion = "Xcode 14.0";
			developmentRegion = en;
			hasScannedForEncodings = 0;
			knownRegions = (
				en,
				Base,
			);
			mainGroup = D8BE00E12D5FA4110035E1FE;
			productRefGroup = D8BE00EB2D5FA4110035E1FE /* Products */;
			projectDirPath = "";
			projectRoot = "";
			targets = (
				D8BE00E92D5FA4110035E1FE /* Assignment_2(1) */,
				D8BE00FF2D5FA4120035E1FE /* Assignment_2(1)Tests */,
				D8BE01092D5FA4120035E1FE /* Assignment_2(1)UITests */,
			);
		};
/* End PBXProject section */

/* Begin PBXResourcesBuildPhase section */
		D8BE00E82D5FA4110035E1FE /* Resources */ = {
			isa = PBXResourcesBuildPhase;
			buildActionMask = 2147483647;
			files = (
				D8BE00F72D5FA4120035E1FE /* Assets.xcassets in Resources */,
				D8BE00FA2D5FA4120035E1FE /* Base in Resources */,
				D8BE00F52D5FA4110035E1FE /* Base in Resources */,
			);
			runOnlyForDeploymentPostprocessing = 0;
		};
		D8BE00FE2D5FA4120035E1FE /* Resources */ = {
			isa = PBXResourcesBuildPhase;
			buildActionMask = 2147483647;
			files = (
			);
			runOnlyForDeploymentPostprocessing = 0;
		};
		D8BE01082D5FA4120035E1FE /* Resources */ = {
			isa = PBXResourcesBuildPhase;
			buildActionMask = 2147483647;
			files = (
			);
			runOnlyForDeploymentPostprocessing = 0;
		};
/* End PBXResourcesBuildPhase section */

/* Begin PBXSourcesBuildPhase section */
		D8BE00E62D5FA4110035E1FE /* Sources */ = {
			isa = PBXSourcesBuildPhase;
			buildActionMask = 2147483647;
			files = (
				D8510B662D694B32009F344F /* ManagerViewController.swift in Sources */,
				D8BE00F22D5FA4110035E1FE /* ViewController.swift in Sources */,
				D8BE011E2D5FB05D0035E1FE /* info.swift in Sources */,
				D8F2787B2D7280CF00E3423E /* NewHistoryTableController.swift in Sources */,
				D8F278752D725E7A00E3423E /* HistoryViewController.swift in Sources */,
				D8F278772D7266C700E3423E /* HistoryTableViewController.swift in Sources */,
				D8BE00EE2D5FA4110035E1FE /* AppDelegate.swift in Sources */,
				D8F2787D2D72863900E3423E /* RestockTableController.swift in Sources */,
				D8BE00F02D5FA4110035E1FE /* SceneDelegate.swift in Sources */,
			);
			runOnlyForDeploymentPostprocessing = 0;
		};
		D8BE00FC2D5FA4120035E1FE /* Sources */ = {
			isa = PBXSourcesBuildPhase;
			buildActionMask = 2147483647;
			files = (
				D8BE01052D5FA4120035E1FE /* Assignment_2_1_Tests.swift in Sources */,
			);
			runOnlyForDeploymentPostprocessing = 0;
		};
		D8BE01062D5FA4120035E1FE /* Sources */ = {
			isa = PBXSourcesBuildPhase;
			buildActionMask = 2147483647;
			files = (
				D8BE01112D5FA4120035E1FE /* Assignment_2_1_UITestsLaunchTests.swift in Sources */,
				D8BE010F2D5FA4120035E1FE /* Assignment_2_1_UITests.swift in Sources */,
			);
			runOnlyForDeploymentPostprocessing = 0;
		};
/* End PBXSourcesBuildPhase section */

/* Begin PBXTargetDependency section */
		D8BE01022D5FA4120035E1FE /* PBXTargetDependency */ = {
			isa = PBXTargetDependency;
			target = D8BE00E92D5FA4110035E1FE /* Assignment_2(1) */;
			targetProxy = D8BE01012D5FA4120035E1FE /* PBXContainerItemProxy */;
		};
		D8BE010C2D5FA4120035E1FE /* PBXTargetDependency */ = {
			isa = PBXTargetDependency;
			target = D8BE00E92D5FA4110035E1FE /* Assignment_2(1) */;
			targetProxy = D8BE010B2D5FA4120035E1FE /* PBXContainerItemProxy */;
		};
/* End PBXTargetDependency section */

/* Begin PBXVariantGroup section */
		D8BE00F32D5FA4110035E1FE /* Main.storyboard */ = {
			isa = PBXVariantGroup;
			children = (
				D8BE00F42D5FA4110035E1FE /* Base */,
			);
			name = Main.storyboard;
			sourceTree = "<group>";
		};
		D8BE00F82D5FA4120035E1FE /* LaunchScreen.storyboard */ = {
			isa = PBXVariantGroup;
			children = (
				D8BE00F92D5FA4120035E1FE /* Base */,
			);
			name = LaunchScreen.storyboard;
			sourceTree = "<group>";
		};
/* End PBXVariantGroup section */

/* Begin XCBuildConfiguration section */
		D8BE01122D5FA4120035E1FE /* Debug */ = {
			isa = XCBuildConfiguration;
			buildSettings = {
				ALWAYS_SEARCH_USER_PATHS = NO;
				ASSETCATALOG_COMPILER_GENERATE_SWIFT_ASSET_SYMBOL_EXTENSIONS = YES;
				CLANG_ANALYZER_NONNULL = YES;
				CLANG_ANALYZER_NUMBER_OBJECT_CONVERSION = YES_AGGRESSIVE;
				CLANG_CXX_LANGUAGE_STANDARD = "gnu++20";
				CLANG_ENABLE_MODULES = YES;
				CLANG_ENABLE_OBJC_ARC = YES;
				CLANG_ENABLE_OBJC_WEAK = YES;
				CLANG_WARN_BLOCK_CAPTURE_AUTORELEASING = YES;
				CLANG_WARN_BOOL_CONVERSION = YES;
				CLANG_WARN_COMMA = YES;
				CLANG_WARN_CONSTANT_CONVERSION = YES;
				CLANG_WARN_DEPRECATED_OBJC_IMPLEMENTATIONS = YES;
				CLANG_WARN_DIRECT_OBJC_ISA_USAGE = YES_ERROR;
				CLANG_WARN_DOCUMENTATION_COMMENTS = YES;
				CLANG_WARN_EMPTY_BODY = YES;
				CLANG_WARN_ENUM_CONVERSION = YES;
				CLANG_WARN_INFINITE_RECURSION = YES;
				CLANG_WARN_INT_CONVERSION = YES;
				CLANG_WARN_NON_LITERAL_NULL_CONVERSION = YES;
				CLANG_WARN_OBJC_IMPLICIT_RETAIN_SELF = YES;
				CLANG_WARN_OBJC_LITERAL_CONVERSION = YES;
				CLANG_WARN_OBJC_ROOT_CLASS = YES_ERROR;
				CLANG_WARN_QUOTED_INCLUDE_IN_FRAMEWORK_HEADER = YES;
				CLANG_WARN_RANGE_LOOP_ANALYSIS = YES;
				CLANG_WARN_STRICT_PROTOTYPES = YES;
				CLANG_WARN_SUSPICIOUS_MOVE = YES;
				CLANG_WARN_UNGUARDED_AVAILABILITY = YES_AGGRESSIVE;
				CLANG_WARN_UNREACHABLE_CODE = YES;
				CLANG_WARN__DUPLICATE_METHOD_MATCH = YES;
				COPY_PHASE_STRIP = NO;
				DEBUG_INFORMATION_FORMAT = dwarf;
				ENABLE_STRICT_OBJC_MSGSEND = YES;
				ENABLE_TESTABILITY = YES;
				ENABLE_USER_SCRIPT_SANDBOXING = YES;
				GCC_C_LANGUAGE_STANDARD = gnu17;
				GCC_DYNAMIC_NO_PIC = NO;
				GCC_NO_COMMON_BLOCKS = YES;
				GCC_OPTIMIZATION_LEVEL = 0;
				GCC_PREPROCESSOR_DEFINITIONS = (
					"DEBUG=1",
					"$(inherited)",
				);
				GCC_WARN_64_TO_32_BIT_CONVERSION = YES;
				GCC_WARN_ABOUT_RETURN_TYPE = YES_ERROR;
				GCC_WARN_UNDECLARED_SELECTOR = YES;
				GCC_WARN_UNINITIALIZED_AUTOS = YES_AGGRESSIVE;
				GCC_WARN_UNUSED_FUNCTION = YES;
				GCC_WARN_UNUSED_VARIABLE = YES;
				IPHONEOS_DEPLOYMENT_TARGET = 17.5;
				LOCALIZATION_PREFERS_STRING_CATALOGS = YES;
				MTL_ENABLE_DEBUG_INFO = INCLUDE_SOURCE;
				MTL_FAST_MATH = YES;
				ONLY_ACTIVE_ARCH = YES;
				SDKROOT = iphoneos;
				SWIFT_ACTIVE_COMPILATION_CONDITIONS = "DEBUG $(inherited)";
				SWIFT_OPTIMIZATION_LEVEL = "-Onone";
			};
			name = Debug;
		};
		D8BE01132D5FA4120035E1FE /* Release */ = {
			isa = XCBuildConfiguration;
			buildSettings = {
				ALWAYS_SEARCH_USER_PATHS = NO;
				ASSETCATALOG_COMPILER_GENERATE_SWIFT_ASSET_SYMBOL_EXTENSIONS = YES;
				CLANG_ANALYZER_NONNULL = YES;
				CLANG_ANALYZER_NUMBER_OBJECT_CONVERSION = YES_AGGRESSIVE;
				CLANG_CXX_LANGUAGE_STANDARD = "gnu++20";
				CLANG_ENABLE_MODULES = YES;
				CLANG_ENABLE_OBJC_ARC = YES;
				CLANG_ENABLE_OBJC_WEAK = YES;
				CLANG_WARN_BLOCK_CAPTURE_AUTORELEASING = YES;
				CLANG_WARN_BOOL_CONVERSION = YES;
				CLANG_WARN_COMMA = YES;
				CLANG_WARN_CONSTANT_CONVERSION = YES;
				CLANG_WARN_DEPRECATED_OBJC_IMPLEMENTATIONS = YES;
				CLANG_WARN_DIRECT_OBJC_ISA_USAGE = YES_ERROR;
				CLANG_WARN_DOCUMENTATION_COMMENTS = YES;
				CLANG_WARN_EMPTY_BODY = YES;
				CLANG_WARN_ENUM_CONVERSION = YES;
				CLANG_WARN_INFINITE_RECURSION = YES;
				CLANG_WARN_INT_CONVERSION = YES;
				CLANG_WARN_NON_LITERAL_NULL_CONVERSION = YES;
				CLANG_WARN_OBJC_IMPLICIT_RETAIN_SELF = YES;
				CLANG_WARN_OBJC_LITERAL_CONVERSION = YES;
				CLANG_WARN_OBJC_ROOT_CLASS = YES_ERROR;
				CLANG_WARN_QUOTED_INCLUDE_IN_FRAMEWORK_HEADER = YES;
				CLANG_WARN_RANGE_LOOP_ANALYSIS = YES;
				CLANG_WARN_STRICT_PROTOTYPES = YES;
				CLANG_WARN_SUSPICIOUS_MOVE = YES;
				CLANG_WARN_UNGUARDED_AVAILABILITY = YES_AGGRESSIVE;
				CLANG_WARN_UNREACHABLE_CODE = YES;
				CLANG_WARN__DUPLICATE_METHOD_MATCH = YES;
				COPY_PHASE_STRIP = NO;
				DEBUG_INFORMATION_FORMAT = "dwarf-with-dsym";
				ENABLE_NS_ASSERTIONS = NO;
				ENABLE_STRICT_OBJC_MSGSEND = YES;
				ENABLE_USER_SCRIPT_SANDBOXING = YES;
				GCC_C_LANGUAGE_STANDARD = gnu17;
				GCC_NO_COMMON_BLOCKS = YES;
				GCC_WARN_64_TO_32_BIT_CONVERSION = YES;
				GCC_WARN_ABOUT_RETURN_TYPE = YES_ERROR;
				GCC_WARN_UNDECLARED_SELECTOR = YES;
				GCC_WARN_UNINITIALIZED_AUTOS = YES_AGGRESSIVE;
				GCC_WARN_UNUSED_FUNCTION = YES;
				GCC_WARN_UNUSED_VARIABLE = YES;
				IPHONEOS_DEPLOYMENT_TARGET = 17.5;
				LOCALIZATION_PREFERS_STRING_CATALOGS = YES;
				MTL_ENABLE_DEBUG_INFO = NO;
				MTL_FAST_MATH = YES;
				SDKROOT = iphoneos;
				SWIFT_COMPILATION_MODE = wholemodule;
				VALIDATE_PRODUCT = YES;
			};
			name = Release;
		};
		D8BE01152D5FA4120035E1FE /* Debug */ = {
			isa = XCBuildConfiguration;
			buildSettings = {
				ASSETCATALOG_COMPILER_APPICON_NAME = AppIcon;
				ASSETCATALOG_COMPILER_GLOBAL_ACCENT_COLOR_NAME = AccentColor;
				CODE_SIGN_STYLE = Automatic;
				CURRENT_PROJECT_VERSION = 1;
				GENERATE_INFOPLIST_FILE = YES;
				INFOPLIST_FILE = "Assignment_2(1)/Info.plist";
				INFOPLIST_KEY_UIApplicationSupportsIndirectInputEvents = YES;
				INFOPLIST_KEY_UILaunchStoryboardName = LaunchScreen;
				INFOPLIST_KEY_UIMainStoryboardFile = Main;
				INFOPLIST_KEY_UISupportedInterfaceOrientations_iPad = "UIInterfaceOrientationPortrait UIInterfaceOrientationPortraitUpsideDown UIInterfaceOrientationLandscapeLeft UIInterfaceOrientationLandscapeRight";
				INFOPLIST_KEY_UISupportedInterfaceOrientations_iPhone = "UIInterfaceOrientationPortrait UIInterfaceOrientationLandscapeLeft UIInterfaceOrientationLandscapeRight";
				LD_RUNPATH_SEARCH_PATHS = (
					"$(inherited)",
					"@executable_path/Frameworks",
				);
				MARKETING_VERSION = 1.0;
				PRODUCT_BUNDLE_IDENTIFIER = "humber.ca.Assignment-2-1-";
				PRODUCT_NAME = "$(TARGET_NAME)";
				SWIFT_EMIT_LOC_STRINGS = YES;
				SWIFT_VERSION = 5.0;
				TARGETED_DEVICE_FAMILY = "1,2";
			};
			name = Debug;
		};
		D8BE01162D5FA4120035E1FE /* Release */ = {
			isa = XCBuildConfiguration;
			buildSettings = {
				ASSETCATALOG_COMPILER_APPICON_NAME = AppIcon;
				ASSETCATALOG_COMPILER_GLOBAL_ACCENT_COLOR_NAME = AccentColor;
				CODE_SIGN_STYLE = Automatic;
				CURRENT_PROJECT_VERSION = 1;
				GENERATE_INFOPLIST_FILE = YES;
				INFOPLIST_FILE = "Assignment_2(1)/Info.plist";
				INFOPLIST_KEY_UIApplicationSupportsIndirectInputEvents = YES;
				INFOPLIST_KEY_UILaunchStoryboardName = LaunchScreen;
				INFOPLIST_KEY_UIMainStoryboardFile = Main;
				INFOPLIST_KEY_UISupportedInterfaceOrientations_iPad = "UIInterfaceOrientationPortrait UIInterfaceOrientationPortraitUpsideDown UIInterfaceOrientationLandscapeLeft UIInterfaceOrientationLandscapeRight";
				INFOPLIST_KEY_UISupportedInterfaceOrientations_iPhone = "UIInterfaceOrientationPortrait UIInterfaceOrientationLandscapeLeft UIInterfaceOrientationLandscapeRight";
				LD_RUNPATH_SEARCH_PATHS = (
					"$(inherited)",
					"@executable_path/Frameworks",
				);
				MARKETING_VERSION = 1.0;
				PRODUCT_BUNDLE_IDENTIFIER = "humber.ca.Assignment-2-1-";
				PRODUCT_NAME = "$(TARGET_NAME)";
				SWIFT_EMIT_LOC_STRINGS = YES;
				SWIFT_VERSION = 5.0;
				TARGETED_DEVICE_FAMILY = "1,2";
			};
			name = Release;
		};
		D8BE01182D5FA4120035E1FE /* Debug */ = {
			isa = XCBuildConfiguration;
			buildSettings = {
				ALWAYS_EMBED_SWIFT_STANDARD_LIBRARIES = YES;
				BUNDLE_LOADER = "$(TEST_HOST)";
				CODE_SIGN_STYLE = Automatic;
				CURRENT_PROJECT_VERSION = 1;
				GENERATE_INFOPLIST_FILE = YES;
				IPHONEOS_DEPLOYMENT_TARGET = 17.5;
				MARKETING_VERSION = 1.0;
				PRODUCT_BUNDLE_IDENTIFIER = "humber.ca.Assignment-2-1-Tests";
				PRODUCT_NAME = "$(TARGET_NAME)";
				SWIFT_EMIT_LOC_STRINGS = NO;
				SWIFT_VERSION = 5.0;
				TARGETED_DEVICE_FAMILY = "1,2";
				TEST_HOST = "$(BUILT_PRODUCTS_DIR)/Assignment_2(1).app/$(BUNDLE_EXECUTABLE_FOLDER_PATH)/Assignment_2(1)";
			};
			name = Debug;
		};
		D8BE01192D5FA4120035E1FE /* Release */ = {
			isa = XCBuildConfiguration;
			buildSettings = {
				ALWAYS_EMBED_SWIFT_STANDARD_LIBRARIES = YES;
				BUNDLE_LOADER = "$(TEST_HOST)";
				CODE_SIGN_STYLE = Automatic;
				CURRENT_PROJECT_VERSION = 1;
				GENERATE_INFOPLIST_FILE = YES;
				IPHONEOS_DEPLOYMENT_TARGET = 17.5;
				MARKETING_VERSION = 1.0;
				PRODUCT_BUNDLE_IDENTIFIER = "humber.ca.Assignment-2-1-Tests";
				PRODUCT_NAME = "$(TARGET_NAME)";
				SWIFT_EMIT_LOC_STRINGS = NO;
				SWIFT_VERSION = 5.0;
				TARGETED_DEVICE_FAMILY = "1,2";
				TEST_HOST = "$(BUILT_PRODUCTS_DIR)/Assignment_2(1).app/$(BUNDLE_EXECUTABLE_FOLDER_PATH)/Assignment_2(1)";
			};
			name = Release;
		};
		D8BE011B2D5FA4120035E1FE /* Debug */ = {
			isa = XCBuildConfiguration;
			buildSettings = {
				ALWAYS_EMBED_SWIFT_STANDARD_LIBRARIES = YES;
				CODE_SIGN_STYLE = Automatic;
				CURRENT_PROJECT_VERSION = 1;
				GENERATE_INFOPLIST_FILE = YES;
				MARKETING_VERSION = 1.0;
				PRODUCT_BUNDLE_IDENTIFIER = "humber.ca.Assignment-2-1-UITests";
				PRODUCT_NAME = "$(TARGET_NAME)";
				SWIFT_EMIT_LOC_STRINGS = NO;
				SWIFT_VERSION = 5.0;
				TARGETED_DEVICE_FAMILY = "1,2";
				TEST_TARGET_NAME = "Assignment_2(1)";
			};
			name = Debug;
		};
		D8BE011C2D5FA4120035E1FE /* Release */ = {
			isa = XCBuildConfiguration;
			buildSettings = {
				ALWAYS_EMBED_SWIFT_STANDARD_LIBRARIES = YES;
				CODE_SIGN_STYLE = Automatic;
				CURRENT_PROJECT_VERSION = 1;
				GENERATE_INFOPLIST_FILE = YES;
				MARKETING_VERSION = 1.0;
				PRODUCT_BUNDLE_IDENTIFIER = "humber.ca.Assignment-2-1-UITests";
				PRODUCT_NAME = "$(TARGET_NAME)";
				SWIFT_EMIT_LOC_STRINGS = NO;
				SWIFT_VERSION = 5.0;
				TARGETED_DEVICE_FAMILY = "1,2";
				TEST_TARGET_NAME = "Assignment_2(1)";
			};
			name = Release;
		};
/* End XCBuildConfiguration section */

/* Begin XCConfigurationList section */
		D8BE00E52D5FA4110035E1FE /* Build configuration list for PBXProject "Assignment_2(1)" */ = {
			isa = XCConfigurationList;
			buildConfigurations = (
				D8BE01122D5FA4120035E1FE /* Debug */,
				D8BE01132D5FA4120035E1FE /* Release */,
			);
			defaultConfigurationIsVisible = 0;
			defaultConfigurationName = Release;
		};
		D8BE01142D5FA4120035E1FE /* Build configuration list for PBXNativeTarget "Assignment_2(1)" */ = {
			isa = XCConfigurationList;
			buildConfigurations = (
				D8BE01152D5FA4120035E1FE /* Debug */,
				D8BE01162D5FA4120035E1FE /* Release */,
			);
			defaultConfigurationIsVisible = 0;
			defaultConfigurationName = Release;
		};
		D8BE01172D5FA4120035E1FE /* Build configuration list for PBXNativeTarget "Assignment_2(1)Tests" */ = {
			isa = XCConfigurationList;
			buildConfigurations = (
				D8BE01182D5FA4120035E1FE /* Debug */,
				D8BE01192D5FA4120035E1FE /* Release */,
			);
			defaultConfigurationIsVisible = 0;
			defaultConfigurationName = Release;
		};
		D8BE011A2D5FA4120035E1FE /* Build configuration list for PBXNativeTarget "Assignment_2(1)UITests" */ = {
			isa = XCConfigurationList;
			buildConfigurations = (
				D8BE011B2D5FA4120035E1FE /* Debug */,
				D8BE011C2D5FA4120035E1FE /* Release */,
			);
			defaultConfigurationIsVisible = 0;
			defaultConfigurationName = Release;
		};
/* End XCConfigurationList section */
	};
	rootObject = D8BE00E22D5FA4110035E1FE /* Project object */;
}
