// !$*UTF8*$!
{
	archiveVersion = 1;
	classes = {
	};
	objectVersion = 56;
	objects = {

/* Begin PBXBuildFile section */
		D8F278412D72390500E3423E /* AppDelegate.swift in Sources */ = {isa = PBXBuildFile; fileRef = D8F278402D72390500E3423E /* AppDelegate.swift */; };
		D8F278432D72390500E3423E /* SceneDelegate.swift in Sources */ = {isa = PBXBuildFile; fileRef = D8F278422D72390500E3423E /* SceneDelegate.swift */; };
		D8F278452D72390500E3423E /* ViewController.swift in Sources */ = {isa = PBXBuildFile; fileRef = D8F278442D72390500E3423E /* ViewController.swift */; };
		D8F278482D72390500E3423E /* Base in Resources */ = {isa = PBXBuildFile; fileRef = D8F278472D72390500E3423E /* Base */; };
		D8F2784A2D72390700E3423E /* Assets.xcassets in Resources */ = {isa = PBXBuildFile; fileRef = D8F278492D72390700E3423E /* Assets.xcassets */; };
		D8F2784D2D72390700E3423E /* Base in Resources */ = {isa = PBXBuildFile; fileRef = D8F2784C2D72390700E3423E /* Base */; };
		D8F278582D72390700E3423E /* Yatin_parulkat_midtermTests.swift in Sources */ = {isa = PBXBuildFile; fileRef = D8F278572D72390700E3423E /* Yatin_parulkat_midtermTests.swift */; };
		D8F278622D72390700E3423E /* Yatin_parulkat_midtermUITests.swift in Sources */ = {isa = PBXBuildFile; fileRef = D8F278612D72390700E3423E /* Yatin_parulkat_midtermUITests.swift */; };
		D8F278642D72390700E3423E /* Yatin_parulkat_midtermUITestsLaunchTests.swift in Sources */ = {isa = PBXBuildFile; fileRef = D8F278632D72390700E3423E /* Yatin_parulkat_midtermUITestsLaunchTests.swift */; };
		D8F278712D723B9200E3423E /* BookModel.swift in Sources */ = {isa = PBXBuildFile; fileRef = D8F278702D723B9200E3423E /* BookModel.swift */; };
/* End PBXBuildFile section */

/* Begin PBXContainerItemProxy section */
		D8F278542D72390700E3423E /* PBXContainerItemProxy */ = {
			isa = PBXContainerItemProxy;
			containerPortal = D8F278352D72390500E3423E /* Project object */;
			proxyType = 1;
			remoteGlobalIDString = D8F2783C2D72390500E3423E;
			remoteInfo = Yatin_parulkat_midterm;
		};
		D8F2785E2D72390700E3423E /* PBXContainerItemProxy */ = {
			isa = PBXContainerItemProxy;
			containerPortal = D8F278352D72390500E3423E /* Project object */;
			proxyType = 1;
			remoteGlobalIDString = D8F2783C2D72390500E3423E;
			remoteInfo = Yatin_parulkat_midterm;
		};
/* End PBXContainerItemProxy section */

/* Begin PBXFileReference section */
		D8F2783D2D72390500E3423E /* Yatin_parulkat_midterm.app */ = {isa = PBXFileReference; explicitFileType = wrapper.application; includeInIndex = 0; path = Yatin_parulkat_midterm.app; sourceTree = BUILT_PRODUCTS_DIR; };
		D8F278402D72390500E3423E /* AppDelegate.swift */ = {isa = PBXFileReference; lastKnownFileType = sourcecode.swift; path = AppDelegate.swift; sourceTree = "<group>"; };
		D8F278422D72390500E3423E /* SceneDelegate.swift */ = {isa = PBXFileReference; lastKnownFileType = sourcecode.swift; path = SceneDelegate.swift; sourceTree = "<group>"; };
		D8F278442D72390500E3423E /* ViewController.swift */ = {isa = PBXFileReference; lastKnownFileType = sourcecode.swift; path = ViewController.swift; sourceTree = "<group>"; };
		D8F278472D72390500E3423E /* Base */ = {isa = PBXFileReference; lastKnownFileType = file.storyboard; name = Base; path = Base.lproj/Main.storyboard; sourceTree = "<group>"; };
		D8F278492D72390700E3423E /* Assets.xcassets */ = {isa = PBXFileReference; lastKnownFileType = folder.assetcatalog; path = Assets.xcassets; sourceTree = "<group>"; };
		D8F2784C2D72390700E3423E /* Base */ = {isa = PBXFileReference; lastKnownFileType = file.storyboard; name = Base; path = Base.lproj/LaunchScreen.storyboard; sourceTree = "<group>"; };
		D8F2784E2D72390700E3423E /* Info.plist */ = {isa = PBXFileReference; lastKnownFileType = text.plist.xml; path = Info.plist; sourceTree = "<group>"; };
		D8F278532D72390700E3423E /* Yatin_parulkat_midtermTests.xctest */ = {isa = PBXFileReference; explicitFileType = wrapper.cfbundle; includeInIndex = 0; path = Yatin_parulkat_midtermTests.xctest; sourceTree = BUILT_PRODUCTS_DIR; };
		D8F278572D72390700E3423E /* Yatin_parulkat_midtermTests.swift */ = {isa = PBXFileReference; lastKnownFileType = sourcecode.swift; path = Yatin_parulkat_midtermTests.swift; sourceTree = "<group>"; };
		D8F2785D2D72390700E3423E /* Yatin_parulkat_midtermUITests.xctest */ = {isa = PBXFileReference; explicitFileType = wrapper.cfbundle; includeInIndex = 0; path = Yatin_parulkat_midtermUITests.xctest; sourceTree = BUILT_PRODUCTS_DIR; };
		D8F278612D72390700E3423E /* Yatin_parulkat_midtermUITests.swift */ = {isa = PBXFileReference; lastKnownFileType = sourcecode.swift; path = Yatin_parulkat_midtermUITests.swift; sourceTree = "<group>"; };
		D8F278632D72390700E3423E /* Yatin_parulkat_midtermUITestsLaunchTests.swift */ = {isa = PBXFileReference; lastKnownFileType = sourcecode.swift; path = Yatin_parulkat_midtermUITestsLaunchTests.swift; sourceTree = "<group>"; };
		D8F278702D723B9200E3423E /* BookModel.swift */ = {isa = PBXFileReference; lastKnownFileType = sourcecode.swift; path = BookModel.swift; sourceTree = "<group>"; };
/* End PBXFileReference section */

/* Begin PBXFrameworksBuildPhase section */
		D8F2783A2D72390500E3423E /* Frameworks */ = {
			isa = PBXFrameworksBuildPhase;
			buildActionMask = 2147483647;
			files = (
			);
			runOnlyForDeploymentPostprocessing = 0;
		};
		D8F278502D72390700E3423E /* Frameworks */ = {
			isa = PBXFrameworksBuildPhase;
			buildActionMask = 2147483647;
			files = (
			);
			runOnlyForDeploymentPostprocessing = 0;
		};
		D8F2785A2D72390700E3423E /* Frameworks */ = {
			isa = PBXFrameworksBuildPhase;
			buildActionMask = 2147483647;
			files = (
			);
			runOnlyForDeploymentPostprocessing = 0;
		};
/* End PBXFrameworksBuildPhase section */

/* Begin PBXGroup section */
		D8F278342D72390500E3423E = {
			isa = PBXGroup;
			children = (
				D8F2783F2D72390500E3423E /* Yatin_parulkat_midterm */,
				D8F278562D72390700E3423E /* Yatin_parulkat_midtermTests */,
				D8F278602D72390700E3423E /* Yatin_parulkat_midtermUITests */,
				D8F2783E2D72390500E3423E /* Products */,
			);
			sourceTree = "<group>";
		};
		D8F2783E2D72390500E3423E /* Products */ = {
			isa = PBXGroup;
			children = (
				D8F2783D2D72390500E3423E /* Yatin_parulkat_midterm.app */,
				D8F278532D72390700E3423E /* Yatin_parulkat_midtermTests.xctest */,
				D8F2785D2D72390700E3423E /* Yatin_parulkat_midtermUITests.xctest */,
			);
			name = Products;
			sourceTree = "<group>";
		};
		D8F2783F2D72390500E3423E /* Yatin_parulkat_midterm */ = {
			isa = PBXGroup;
			children = (
				D8F278402D72390500E3423E /* AppDelegate.swift */,
				D8F278422D72390500E3423E /* SceneDelegate.swift */,
				D8F278442D72390500E3423E /* ViewController.swift */,
				D8F278462D72390500E3423E /* Main.storyboard */,
				D8F278492D72390700E3423E /* Assets.xcassets */,
				D8F2784B2D72390700E3423E /* LaunchScreen.storyboard */,
				D8F2784E2D72390700E3423E /* Info.plist */,
				D8F278702D723B9200E3423E /* BookModel.swift */,
			);
			path = Yatin_parulkat_midterm;
			sourceTree = "<group>";
		};
		D8F278562D72390700E3423E /* Yatin_parulkat_midtermTests */ = {
			isa = PBXGroup;
			children = (
				D8F278572D72390700E3423E /* Yatin_parulkat_midtermTests.swift */,
			);
			path = Yatin_parulkat_midtermTests;
			sourceTree = "<group>";
		};
		D8F278602D72390700E3423E /* Yatin_parulkat_midtermUITests */ = {
			isa = PBXGroup;
			children = (
				D8F278612D72390700E3423E /* Yatin_parulkat_midtermUITests.swift */,
				D8F278632D72390700E3423E /* Yatin_parulkat_midtermUITestsLaunchTests.swift */,
			);
			path = Yatin_parulkat_midtermUITests;
			sourceTree = "<group>";
		};
/* End PBXGroup section */

/* Begin PBXNativeTarget section */
		D8F2783C2D72390500E3423E /* Yatin_parulkat_midterm */ = {
			isa = PBXNativeTarget;
			buildConfigurationList = D8F278672D72390700E3423E /* Build configuration list for PBXNativeTarget "Yatin_parulkat_midterm" */;
			buildPhases = (
				D8F278392D72390500E3423E /* Sources */,
				D8F2783A2D72390500E3423E /* Frameworks */,
				D8F2783B2D72390500E3423E /* Resources */,
			);
			buildRules = (
			);
			dependencies = (
			);
			name = Yatin_parulkat_midterm;
			productName = Yatin_parulkat_midterm;
			productReference = D8F2783D2D72390500E3423E /* Yatin_parulkat_midterm.app */;
			productType = "com.apple.product-type.application";
		};
		D8F278522D72390700E3423E /* Yatin_parulkat_midtermTests */ = {
			isa = PBXNativeTarget;
			buildConfigurationList = D8F2786A2D72390700E3423E /* Build configuration list for PBXNativeTarget "Yatin_parulkat_midtermTests" */;
			buildPhases = (
				D8F2784F2D72390700E3423E /* Sources */,
				D8F278502D72390700E3423E /* Frameworks */,
				D8F278512D72390700E3423E /* Resources */,
			);
			buildRules = (
			);
			dependencies = (
				D8F278552D72390700E3423E /* PBXTargetDependency */,
			);
			name = Yatin_parulkat_midtermTests;
			productName = Yatin_parulkat_midtermTests;
			productReference = D8F278532D72390700E3423E /* Yatin_parulkat_midtermTests.xctest */;
			productType = "com.apple.product-type.bundle.unit-test";
		};
		D8F2785C2D72390700E3423E /* Yatin_parulkat_midtermUITests */ = {
			isa = PBXNativeTarget;
			buildConfigurationList = D8F2786D2D72390700E3423E /* Build configuration list for PBXNativeTarget "Yatin_parulkat_midtermUITests" */;
			buildPhases = (
				D8F278592D72390700E3423E /* Sources */,
				D8F2785A2D72390700E3423E /* Frameworks */,
				D8F2785B2D72390700E3423E /* Resources */,
			);
			buildRules = (
			);
			dependencies = (
				D8F2785F2D72390700E3423E /* PBXTargetDependency */,
			);
			name = Yatin_parulkat_midtermUITests;
			productName = Yatin_parulkat_midtermUITests;
			productReference = D8F2785D2D72390700E3423E /* Yatin_parulkat_midtermUITests.xctest */;
			productType = "com.apple.product-type.bundle.ui-testing";
		};
/* End PBXNativeTarget section */

/* Begin PBXProject section */
		D8F278352D72390500E3423E /* Project object */ = {
			isa = PBXProject;
			attributes = {
				BuildIndependentTargetsInParallel = 1;
				LastSwiftUpdateCheck = 1540;
				LastUpgradeCheck = 1540;
				TargetAttributes = {
					D8F2783C2D72390500E3423E = {
						CreatedOnToolsVersion = 15.4;
					};
					D8F278522D72390700E3423E = {
						CreatedOnToolsVersion = 15.4;
						TestTargetID = D8F2783C2D72390500E3423E;
					};
					D8F2785C2D72390700E3423E = {
						CreatedOnToolsVersion = 15.4;
						TestTargetID = D8F2783C2D72390500E3423E;
					};
				};
			};
			buildConfigurationList = D8F278382D72390500E3423E /* Build configuration list for PBXProject "Yatin_parulkat_midterm" */;
			compatibilityVersion = "Xcode 14.0";
			developmentRegion = en;
			hasScannedForEncodings = 0;
			knownRegions = (
				en,
				Base,
			);
			mainGroup = D8F278342D72390500E3423E;
			productRefGroup = D8F2783E2D72390500E3423E /* Products */;
			projectDirPath = "";
			projectRoot = "";
			targets = (
				D8F2783C2D72390500E3423E /* Yatin_parulkat_midterm */,
				D8F278522D72390700E3423E /* Yatin_parulkat_midtermTests */,
				D8F2785C2D72390700E3423E /* Yatin_parulkat_midtermUITests */,
			);
		};
/* End PBXProject section */

/* Begin PBXResourcesBuildPhase section */
		D8F2783B2D72390500E3423E /* Resources */ = {
			isa = PBXResourcesBuildPhase;
			buildActionMask = 2147483647;
			files = (
				D8F2784A2D72390700E3423E /* Assets.xcassets in Resources */,
				D8F2784D2D72390700E3423E /* Base in Resources */,
				D8F278482D72390500E3423E /* Base in Resources */,
			);
			runOnlyForDeploymentPostprocessing = 0;
		};
		D8F278512D72390700E3423E /* Resources */ = {
			isa = PBXResourcesBuildPhase;
			buildActionMask = 2147483647;
			files = (
			);
			runOnlyForDeploymentPostprocessing = 0;
		};
		D8F2785B2D72390700E3423E /* Resources */ = {
			isa = PBXResourcesBuildPhase;
			buildActionMask = 2147483647;
			files = (
			);
			runOnlyForDeploymentPostprocessing = 0;
		};
/* End PBXResourcesBuildPhase section */

/* Begin PBXSourcesBuildPhase section */
		D8F278392D72390500E3423E /* Sources */ = {
			isa = PBXSourcesBuildPhase;
			buildActionMask = 2147483647;
			files = (
				D8F278452D72390500E3423E /* ViewController.swift in Sources */,
				D8F278412D72390500E3423E /* AppDelegate.swift in Sources */,
				D8F278712D723B9200E3423E /* BookModel.swift in Sources */,
				D8F278432D72390500E3423E /* SceneDelegate.swift in Sources */,
			);
			runOnlyForDeploymentPostprocessing = 0;
		};
		D8F2784F2D72390700E3423E /* Sources */ = {
			isa = PBXSourcesBuildPhase;
			buildActionMask = 2147483647;
			files = (
				D8F278582D72390700E3423E /* Yatin_parulkat_midtermTests.swift in Sources */,
			);
			runOnlyForDeploymentPostprocessing = 0;
		};
		D8F278592D72390700E3423E /* Sources */ = {
			isa = PBXSourcesBuildPhase;
			buildActionMask = 2147483647;
			files = (
				D8F278622D72390700E3423E /* Yatin_parulkat_midtermUITests.swift in Sources */,
				D8F278642D72390700E3423E /* Yatin_parulkat_midtermUITestsLaunchTests.swift in Sources */,
			);
			runOnlyForDeploymentPostprocessing = 0;
		};
/* End PBXSourcesBuildPhase section */

/* Begin PBXTargetDependency section */
		D8F278552D72390700E3423E /* PBXTargetDependency */ = {
			isa = PBXTargetDependency;
			target = D8F2783C2D72390500E3423E /* Yatin_parulkat_midterm */;
			targetProxy = D8F278542D72390700E3423E /* PBXContainerItemProxy */;
		};
		D8F2785F2D72390700E3423E /* PBXTargetDependency */ = {
			isa = PBXTargetDependency;
			target = D8F2783C2D72390500E3423E /* Yatin_parulkat_midterm */;
			targetProxy = D8F2785E2D72390700E3423E /* PBXContainerItemProxy */;
		};
/* End PBXTargetDependency section */

/* Begin PBXVariantGroup section */
		D8F278462D72390500E3423E /* Main.storyboard */ = {
			isa = PBXVariantGroup;
			children = (
				D8F278472D72390500E3423E /* Base */,
			);
			name = Main.storyboard;
			sourceTree = "<group>";
		};
		D8F2784B2D72390700E3423E /* LaunchScreen.storyboard */ = {
			isa = PBXVariantGroup;
			children = (
				D8F2784C2D72390700E3423E /* Base */,
			);
			name = LaunchScreen.storyboard;
			sourceTree = "<group>";
		};
/* End PBXVariantGroup section */

/* Begin XCBuildConfiguration section */
		D8F278652D72390700E3423E /* Debug */ = {
			isa = XCBuildConfiguration;
			buildSettings = {
				ALWAYS_SEARCH_USER_PATHS = NO;
				ASSETCATALOG_COMPILER_GENERATE_SWIFT_ASSET_SYMBOL_EXTENSIONS = YES;
				CLANG_ANALYZER_NONNULL = YES;
				CLANG_ANALYZER_NUMBER_OBJECT_CONVERSION = YES_AGGRESSIVE;
				CLANG_CXX_LANGUAGE_STANDARD = "gnu++20";
				CLANG_ENABLE_MODULES = YES;
				CLANG_ENABLE_OBJC_ARC = YES;
				CLANG_ENABLE_OBJC_WEAK = YES;
				CLANG_WARN_BLOCK_CAPTURE_AUTORELEASING = YES;
				CLANG_WARN_BOOL_CONVERSION = YES;
				CLANG_WARN_COMMA = YES;
				CLANG_WARN_CONSTANT_CONVERSION = YES;
				CLANG_WARN_DEPRECATED_OBJC_IMPLEMENTATIONS = YES;
				CLANG_WARN_DIRECT_OBJC_ISA_USAGE = YES_ERROR;
				CLANG_WARN_DOCUMENTATION_COMMENTS = YES;
				CLANG_WARN_EMPTY_BODY = YES;
				CLANG_WARN_ENUM_CONVERSION = YES;
				CLANG_WARN_INFINITE_RECURSION = YES;
				CLANG_WARN_INT_CONVERSION = YES;
				CLANG_WARN_NON_LITERAL_NULL_CONVERSION = YES;
				CLANG_WARN_OBJC_IMPLICIT_RETAIN_SELF = YES;
				CLANG_WARN_OBJC_LITERAL_CONVERSION = YES;
				CLANG_WARN_OBJC_ROOT_CLASS = YES_ERROR;
				CLANG_WARN_QUOTED_INCLUDE_IN_FRAMEWORK_HEADER = YES;
				CLANG_WARN_RANGE_LOOP_ANALYSIS = YES;
				CLANG_WARN_STRICT_PROTOTYPES = YES;
				CLANG_WARN_SUSPICIOUS_MOVE = YES;
				CLANG_WARN_UNGUARDED_AVAILABILITY = YES_AGGRESSIVE;
				CLANG_WARN_UNREACHABLE_CODE = YES;
				CLANG_WARN__DUPLICATE_METHOD_MATCH = YES;
				COPY_PHASE_STRIP = NO;
				DEBUG_INFORMATION_FORMAT = dwarf;
				ENABLE_STRICT_OBJC_MSGSEND = YES;
				ENABLE_TESTABILITY = YES;
				ENABLE_USER_SCRIPT_SANDBOXING = YES;
				GCC_C_LANGUAGE_STANDARD = gnu17;
				GCC_DYNAMIC_NO_PIC = NO;
				GCC_NO_COMMON_BLOCKS = YES;
				GCC_OPTIMIZATION_LEVEL = 0;
				GCC_PREPROCESSOR_DEFINITIONS = (
					"DEBUG=1",
					"$(inherited)",
				);
				GCC_WARN_64_TO_32_BIT_CONVERSION = YES;
				GCC_WARN_ABOUT_RETURN_TYPE = YES_ERROR;
				GCC_WARN_UNDECLARED_SELECTOR = YES;
				GCC_WARN_UNINITIALIZED_AUTOS = YES_AGGRESSIVE;
				GCC_WARN_UNUSED_FUNCTION = YES;
				GCC_WARN_UNUSED_VARIABLE = YES;
				IPHONEOS_DEPLOYMENT_TARGET = 17.5;
				LOCALIZATION_PREFERS_STRING_CATALOGS = YES;
				MTL_ENABLE_DEBUG_INFO = INCLUDE_SOURCE;
				MTL_FAST_MATH = YES;
				ONLY_ACTIVE_ARCH = YES;
				SDKROOT = iphoneos;
				SWIFT_ACTIVE_COMPILATION_CONDITIONS = "DEBUG $(inherited)";
				SWIFT_OPTIMIZATION_LEVEL = "-Onone";
			};
			name = Debug;
		};
		D8F278662D72390700E3423E /* Release */ = {
			isa = XCBuildConfiguration;
			buildSettings = {
				ALWAYS_SEARCH_USER_PATHS = NO;
				ASSETCATALOG_COMPILER_GENERATE_SWIFT_ASSET_SYMBOL_EXTENSIONS = YES;
				CLANG_ANALYZER_NONNULL = YES;
				CLANG_ANALYZER_NUMBER_OBJECT_CONVERSION = YES_AGGRESSIVE;
				CLANG_CXX_LANGUAGE_STANDARD = "gnu++20";
				CLANG_ENABLE_MODULES = YES;
				CLANG_ENABLE_OBJC_ARC = YES;
				CLANG_ENABLE_OBJC_WEAK = YES;
				CLANG_WARN_BLOCK_CAPTURE_AUTORELEASING = YES;
				CLANG_WARN_BOOL_CONVERSION = YES;
				CLANG_WARN_COMMA = YES;
				CLANG_WARN_CONSTANT_CONVERSION = YES;
				CLANG_WARN_DEPRECATED_OBJC_IMPLEMENTATIONS = YES;
				CLANG_WARN_DIRECT_OBJC_ISA_USAGE = YES_ERROR;
				CLANG_WARN_DOCUMENTATION_COMMENTS = YES;
				CLANG_WARN_EMPTY_BODY = YES;
				CLANG_WARN_ENUM_CONVERSION = YES;
				CLANG_WARN_INFINITE_RECURSION = YES;
				CLANG_WARN_INT_CONVERSION = YES;
				CLANG_WARN_NON_LITERAL_NULL_CONVERSION = YES;
				CLANG_WARN_OBJC_IMPLICIT_RETAIN_SELF = YES;
				CLANG_WARN_OBJC_LITERAL_CONVERSION = YES;
				CLANG_WARN_OBJC_ROOT_CLASS = YES_ERROR;
				CLANG_WARN_QUOTED_INCLUDE_IN_FRAMEWORK_HEADER = YES;
				CLANG_WARN_RANGE_LOOP_ANALYSIS = YES;
				CLANG_WARN_STRICT_PROTOTYPES = YES;
				CLANG_WARN_SUSPICIOUS_MOVE = YES;
				CLANG_WARN_UNGUARDED_AVAILABILITY = YES_AGGRESSIVE;
				CLANG_WARN_UNREACHABLE_CODE = YES;
				CLANG_WARN__DUPLICATE_METHOD_MATCH = YES;
				COPY_PHASE_STRIP = NO;
				DEBUG_INFORMATION_FORMAT = "dwarf-with-dsym";
				ENABLE_NS_ASSERTIONS = NO;
				ENABLE_STRICT_OBJC_MSGSEND = YES;
				ENABLE_USER_SCRIPT_SANDBOXING = YES;
				GCC_C_LANGUAGE_STANDARD = gnu17;
				GCC_NO_COMMON_BLOCKS = YES;
				GCC_WARN_64_TO_32_BIT_CONVERSION = YES;
				GCC_WARN_ABOUT_RETURN_TYPE = YES_ERROR;
				GCC_WARN_UNDECLARED_SELECTOR = YES;
				GCC_WARN_UNINITIALIZED_AUTOS = YES_AGGRESSIVE;
				GCC_WARN_UNUSED_FUNCTION = YES;
				GCC_WARN_UNUSED_VARIABLE = YES;
				IPHONEOS_DEPLOYMENT_TARGET = 17.5;
				LOCALIZATION_PREFERS_STRING_CATALOGS = YES;
				MTL_ENABLE_DEBUG_INFO = NO;
				MTL_FAST_MATH = YES;
				SDKROOT = iphoneos;
				SWIFT_COMPILATION_MODE = wholemodule;
				VALIDATE_PRODUCT = YES;
			};
			name = Release;
		};
		D8F278682D72390700E3423E /* Debug */ = {
			isa = XCBuildConfiguration;
			buildSettings = {
				ASSETCATALOG_COMPILER_APPICON_NAME = AppIcon;
				ASSETCATALOG_COMPILER_GLOBAL_ACCENT_COLOR_NAME = AccentColor;
				CODE_SIGN_STYLE = Automatic;
				CURRENT_PROJECT_VERSION = 1;
				GENERATE_INFOPLIST_FILE = YES;
				INFOPLIST_FILE = Yatin_parulkat_midterm/Info.plist;
				INFOPLIST_KEY_UIApplicationSupportsIndirectInputEvents = YES;
				INFOPLIST_KEY_UILaunchStoryboardName = LaunchScreen;
				INFOPLIST_KEY_UIMainStoryboardFile = Main;
				INFOPLIST_KEY_UISupportedInterfaceOrientations_iPad = "UIInterfaceOrientationPortrait UIInterfaceOrientationPortraitUpsideDown UIInterfaceOrientationLandscapeLeft UIInterfaceOrientationLandscapeRight";
				INFOPLIST_KEY_UISupportedInterfaceOrientations_iPhone = "UIInterfaceOrientationPortrait UIInterfaceOrientationLandscapeLeft UIInterfaceOrientationLandscapeRight";
				LD_RUNPATH_SEARCH_PATHS = (
					"$(inherited)",
					"@executable_path/Frameworks",
				);
				MARKETING_VERSION = 1.0;
				PRODUCT_BUNDLE_IDENTIFIER = "humber.ca.Yatin-parulkat-midterm";
				PRODUCT_NAME = "$(TARGET_NAME)";
				SWIFT_EMIT_LOC_STRINGS = YES;
				SWIFT_VERSION = 5.0;
				TARGETED_DEVICE_FAMILY = "1,2";
			};
			name = Debug;
		};
		D8F278692D72390700E3423E /* Release */ = {
			isa = XCBuildConfiguration;
			buildSettings = {
				ASSETCATALOG_COMPILER_APPICON_NAME = AppIcon;
				ASSETCATALOG_COMPILER_GLOBAL_ACCENT_COLOR_NAME = AccentColor;
				CODE_SIGN_STYLE = Automatic;
				CURRENT_PROJECT_VERSION = 1;
				GENERATE_INFOPLIST_FILE = YES;
				INFOPLIST_FILE = Yatin_parulkat_midterm/Info.plist;
				INFOPLIST_KEY_UIApplicationSupportsIndirectInputEvents = YES;
				INFOPLIST_KEY_UILaunchStoryboardName = LaunchScreen;
				INFOPLIST_KEY_UIMainStoryboardFile = Main;
				INFOPLIST_KEY_UISupportedInterfaceOrientations_iPad = "UIInterfaceOrientationPortrait UIInterfaceOrientationPortraitUpsideDown UIInterfaceOrientationLandscapeLeft UIInterfaceOrientationLandscapeRight";
				INFOPLIST_KEY_UISupportedInterfaceOrientations_iPhone = "UIInterfaceOrientationPortrait UIInterfaceOrientationLandscapeLeft UIInterfaceOrientationLandscapeRight";
				LD_RUNPATH_SEARCH_PATHS = (
					"$(inherited)",
					"@executable_path/Frameworks",
				);
				MARKETING_VERSION = 1.0;
				PRODUCT_BUNDLE_IDENTIFIER = "humber.ca.Yatin-parulkat-midterm";
				PRODUCT_NAME = "$(TARGET_NAME)";
				SWIFT_EMIT_LOC_STRINGS = YES;
				SWIFT_VERSION = 5.0;
				TARGETED_DEVICE_FAMILY = "1,2";
			};
			name = Release;
		};
		D8F2786B2D72390700E3423E /* Debug */ = {
			isa = XCBuildConfiguration;
			buildSettings = {
				ALWAYS_EMBED_SWIFT_STANDARD_LIBRARIES = YES;
				BUNDLE_LOADER = "$(TEST_HOST)";
				CODE_SIGN_STYLE = Automatic;
				CURRENT_PROJECT_VERSION = 1;
				GENERATE_INFOPLIST_FILE = YES;
				IPHONEOS_DEPLOYMENT_TARGET = 17.5;
				MARKETING_VERSION = 1.0;
				PRODUCT_BUNDLE_IDENTIFIER = "humber.ca.Yatin-parulkat-midtermTests";
				PRODUCT_NAME = "$(TARGET_NAME)";
				SWIFT_EMIT_LOC_STRINGS = NO;
				SWIFT_VERSION = 5.0;
				TARGETED_DEVICE_FAMILY = "1,2";
				TEST_HOST = "$(BUILT_PRODUCTS_DIR)/Yatin_parulkat_midterm.app/$(BUNDLE_EXECUTABLE_FOLDER_PATH)/Yatin_parulkat_midterm";
			};
			name = Debug;
		};
		D8F2786C2D72390700E3423E /* Release */ = {
			isa = XCBuildConfiguration;
			buildSettings = {
				ALWAYS_EMBED_SWIFT_STANDARD_LIBRARIES = YES;
				BUNDLE_LOADER = "$(TEST_HOST)";
				CODE_SIGN_STYLE = Automatic;
				CURRENT_PROJECT_VERSION = 1;
				GENERATE_INFOPLIST_FILE = YES;
				IPHONEOS_DEPLOYMENT_TARGET = 17.5;
				MARKETING_VERSION = 1.0;
				PRODUCT_BUNDLE_IDENTIFIER = "humber.ca.Yatin-parulkat-midtermTests";
				PRODUCT_NAME = "$(TARGET_NAME)";
				SWIFT_EMIT_LOC_STRINGS = NO;
				SWIFT_VERSION = 5.0;
				TARGETED_DEVICE_FAMILY = "1,2";
				TEST_HOST = "$(BUILT_PRODUCTS_DIR)/Yatin_parulkat_midterm.app/$(BUNDLE_EXECUTABLE_FOLDER_PATH)/Yatin_parulkat_midterm";
			};
			name = Release;
		};
		D8F2786E2D72390700E3423E /* Debug */ = {
			isa = XCBuildConfiguration;
			buildSettings = {
				ALWAYS_EMBED_SWIFT_STANDARD_LIBRARIES = YES;
				CODE_SIGN_STYLE = Automatic;
				CURRENT_PROJECT_VERSION = 1;
				GENERATE_INFOPLIST_FILE = YES;
				MARKETING_VERSION = 1.0;
				PRODUCT_BUNDLE_IDENTIFIER = "humber.ca.Yatin-parulkat-midtermUITests";
				PRODUCT_NAME = "$(TARGET_NAME)";
				SWIFT_EMIT_LOC_STRINGS = NO;
				SWIFT_VERSION = 5.0;
				TARGETED_DEVICE_FAMILY = "1,2";
				TEST_TARGET_NAME = Yatin_parulkat_midterm;
			};
			name = Debug;
		};
		D8F2786F2D72390700E3423E /* Release */ = {
			isa = XCBuildConfiguration;
			buildSettings = {
				ALWAYS_EMBED_SWIFT_STANDARD_LIBRARIES = YES;
				CODE_SIGN_STYLE = Automatic;
				CURRENT_PROJECT_VERSION = 1;
				GENERATE_INFOPLIST_FILE = YES;
				MARKETING_VERSION = 1.0;
				PRODUCT_BUNDLE_IDENTIFIER = "humber.ca.Yatin-parulkat-midtermUITests";
				PRODUCT_NAME = "$(TARGET_NAME)";
				SWIFT_EMIT_LOC_STRINGS = NO;
				SWIFT_VERSION = 5.0;
				TARGETED_DEVICE_FAMILY = "1,2";
				TEST_TARGET_NAME = Yatin_parulkat_midterm;
			};
			name = Release;
		};
/* End XCBuildConfiguration section */

/* Begin XCConfigurationList section */
		D8F278382D72390500E3423E /* Build configuration list for PBXProject "Yatin_parulkat_midterm" */ = {
			isa = XCConfigurationList;
			buildConfigurations = (
				D8F278652D72390700E3423E /* Debug */,
				D8F278662D72390700E3423E /* Release */,
			);
			defaultConfigurationIsVisible = 0;
			defaultConfigurationName = Release;
		};
		D8F278672D72390700E3423E /* Build configuration list for PBXNativeTarget "Yatin_parulkat_midterm" */ = {
			isa = XCConfigurationList;
			buildConfigurations = (
				D8F278682D72390700E3423E /* Debug */,
				D8F278692D72390700E3423E /* Release */,
			);
			defaultConfigurationIsVisible = 0;
			defaultConfigurationName = Release;
		};
		D8F2786A2D72390700E3423E /* Build configuration list for PBXNativeTarget "Yatin_parulkat_midtermTests" */ = {
			isa = XCConfigurationList;
			buildConfigurations = (
				D8F2786B2D72390700E3423E /* Debug */,
				D8F2786C2D72390700E3423E /* Release */,
			);
			defaultConfigurationIsVisible = 0;
			defaultConfigurationName = Release;
		};
		D8F2786D2D72390700E3423E /* Build configuration list for PBXNativeTarget "Yatin_parulkat_midtermUITests" */ = {
			isa = XCConfigurationList;
			buildConfigurations = (
				D8F2786E2D72390700E3423E /* Debug */,
				D8F2786F2D72390700E3423E /* Release */,
			);
			defaultConfigurationIsVisible = 0;
			defaultConfigurationName = Release;
		};
/* End XCConfigurationList section */
	};
	rootObject = D8F278352D72390500E3423E /* Project object */;
}
