// !$*UTF8*$!
{
	archiveVersion = 1;
	classes = {
	};
	objectVersion = 56;
	objects = {

/* Begin PBXBuildFile section */
		D8A012702D849A0300BE51B0 /* AppDelegate.swift in Sources */ = {isa = PBXBuildFile; fileRef = D8A0126F2D849A0300BE51B0 /* AppDelegate.swift */; };
		D8A012722D849A0300BE51B0 /* SceneDelegate.swift in Sources */ = {isa = PBXBuildFile; fileRef = D8A012712D849A0300BE51B0 /* SceneDelegate.swift */; };
		D8A012742D849A0300BE51B0 /* ViewController.swift in Sources */ = {isa = PBXBuildFile; fileRef = D8A012732D849A0300BE51B0 /* ViewController.swift */; };
		D8A012772D849A0300BE51B0 /* Base in Resources */ = {isa = PBXBuildFile; fileRef = D8A012762D849A0300BE51B0 /* Base */; };
		D8A012792D849A0400BE51B0 /* Assets.xcassets in Resources */ = {isa = PBXBuildFile; fileRef = D8A012782D849A0400BE51B0 /* Assets.xcassets */; };
		D8A0127C2D849A0400BE51B0 /* Base in Resources */ = {isa = PBXBuildFile; fileRef = D8A0127B2D849A0400BE51B0 /* Base */; };
		D8A012872D849A0500BE51B0 /* Week_9_NetworkingTests.swift in Sources */ = {isa = PBXBuildFile; fileRef = D8A012862D849A0500BE51B0 /* Week_9_NetworkingTests.swift */; };
		D8A012912D849A0500BE51B0 /* Week_9_NetworkingUITests.swift in Sources */ = {isa = PBXBuildFile; fileRef = D8A012902D849A0500BE51B0 /* Week_9_NetworkingUITests.swift */; };
		D8A012932D849A0500BE51B0 /* Week_9_NetworkingUITestsLaunchTests.swift in Sources */ = {isa = PBXBuildFile; fileRef = D8A012922D849A0500BE51B0 /* Week_9_NetworkingUITestsLaunchTests.swift */; };
		D8A012A02D849A6000BE51B0 /* NetworkingManager.swift in Sources */ = {isa = PBXBuildFile; fileRef = D8A0129F2D849A6000BE51B0 /* NetworkingManager.swift */; };
/* End PBXBuildFile section */

/* Begin PBXContainerItemProxy section */
		D8A012832D849A0500BE51B0 /* PBXContainerItemProxy */ = {
			isa = PBXContainerItemProxy;
			containerPortal = D8A012642D849A0200BE51B0 /* Project object */;
			proxyType = 1;
			remoteGlobalIDString = D8A0126B2D849A0200BE51B0;
			remoteInfo = Week_9_Networking;
		};
		D8A0128D2D849A0500BE51B0 /* PBXContainerItemProxy */ = {
			isa = PBXContainerItemProxy;
			containerPortal = D8A012642D849A0200BE51B0 /* Project object */;
			proxyType = 1;
			remoteGlobalIDString = D8A0126B2D849A0200BE51B0;
			remoteInfo = Week_9_Networking;
		};
/* End PBXContainerItemProxy section */

/* Begin PBXFileReference section */
		D8A0126C2D849A0300BE51B0 /* Week_9_Networking.app */ = {isa = PBXFileReference; explicitFileType = wrapper.application; includeInIndex = 0; path = Week_9_Networking.app; sourceTree = BUILT_PRODUCTS_DIR; };
		D8A0126F2D849A0300BE51B0 /* AppDelegate.swift */ = {isa = PBXFileReference; lastKnownFileType = sourcecode.swift; path = AppDelegate.swift; sourceTree = "<group>"; };
		D8A012712D849A0300BE51B0 /* SceneDelegate.swift */ = {isa = PBXFileReference; lastKnownFileType = sourcecode.swift; path = SceneDelegate.swift; sourceTree = "<group>"; };
		D8A012732D849A0300BE51B0 /* ViewController.swift */ = {isa = PBXFileReference; lastKnownFileType = sourcecode.swift; path = ViewController.swift; sourceTree = "<group>"; };
		D8A012762D849A0300BE51B0 /* Base */ = {isa = PBXFileReference; lastKnownFileType = file.storyboard; name = Base; path = Base.lproj/Main.storyboard; sourceTree = "<group>"; };
		D8A012782D849A0400BE51B0 /* Assets.xcassets */ = {isa = PBXFileReference; lastKnownFileType = folder.assetcatalog; path = Assets.xcassets; sourceTree = "<group>"; };
		D8A0127B2D849A0400BE51B0 /* Base */ = {isa = PBXFileReference; lastKnownFileType = file.storyboard; name = Base; path = Base.lproj/LaunchScreen.storyboard; sourceTree = "<group>"; };
		D8A0127D2D849A0400BE51B0 /* Info.plist */ = {isa = PBXFileReference; lastKnownFileType = text.plist.xml; path = Info.plist; sourceTree = "<group>"; };
		D8A012822D849A0500BE51B0 /* Week_9_NetworkingTests.xctest */ = {isa = PBXFileReference; explicitFileType = wrapper.cfbundle; includeInIndex = 0; path = Week_9_NetworkingTests.xctest; sourceTree = BUILT_PRODUCTS_DIR; };
		D8A012862D849A0500BE51B0 /* Week_9_NetworkingTests.swift */ = {isa = PBXFileReference; lastKnownFileType = sourcecode.swift; path = Week_9_NetworkingTests.swift; sourceTree = "<group>"; };
		D8A0128C2D849A0500BE51B0 /* Week_9_NetworkingUITests.xctest */ = {isa = PBXFileReference; explicitFileType = wrapper.cfbundle; includeInIndex = 0; path = Week_9_NetworkingUITests.xctest; sourceTree = BUILT_PRODUCTS_DIR; };
		D8A012902D849A0500BE51B0 /* Week_9_NetworkingUITests.swift */ = {isa = PBXFileReference; lastKnownFileType = sourcecode.swift; path = Week_9_NetworkingUITests.swift; sourceTree = "<group>"; };
		D8A012922D849A0500BE51B0 /* Week_9_NetworkingUITestsLaunchTests.swift */ = {isa = PBXFileReference; lastKnownFileType = sourcecode.swift; path = Week_9_NetworkingUITestsLaunchTests.swift; sourceTree = "<group>"; };
		D8A0129F2D849A6000BE51B0 /* NetworkingManager.swift */ = {isa = PBXFileReference; lastKnownFileType = sourcecode.swift; path = NetworkingManager.swift; sourceTree = "<group>"; };
/* End PBXFileReference section */

/* Begin PBXFrameworksBuildPhase section */
		D8A012692D849A0200BE51B0 /* Frameworks */ = {
			isa = PBXFrameworksBuildPhase;
			buildActionMask = 2147483647;
			files = (
			);
			runOnlyForDeploymentPostprocessing = 0;
		};
		D8A0127F2D849A0500BE51B0 /* Frameworks */ = {
			isa = PBXFrameworksBuildPhase;
			buildActionMask = 2147483647;
			files = (
			);
			runOnlyForDeploymentPostprocessing = 0;
		};
		D8A012892D849A0500BE51B0 /* Frameworks */ = {
			isa = PBXFrameworksBuildPhase;
			buildActionMask = 2147483647;
			files = (
			);
			runOnlyForDeploymentPostprocessing = 0;
		};
/* End PBXFrameworksBuildPhase section */

/* Begin PBXGroup section */
		D8A012632D849A0200BE51B0 = {
			isa = PBXGroup;
			children = (
				D8A0126E2D849A0300BE51B0 /* Week_9_Networking */,
				D8A012852D849A0500BE51B0 /* Week_9_NetworkingTests */,
				D8A0128F2D849A0500BE51B0 /* Week_9_NetworkingUITests */,
				D8A0126D2D849A0300BE51B0 /* Products */,
			);
			sourceTree = "<group>";
		};
		D8A0126D2D849A0300BE51B0 /* Products */ = {
			isa = PBXGroup;
			children = (
				D8A0126C2D849A0300BE51B0 /* Week_9_Networking.app */,
				D8A012822D849A0500BE51B0 /* Week_9_NetworkingTests.xctest */,
				D8A0128C2D849A0500BE51B0 /* Week_9_NetworkingUITests.xctest */,
			);
			name = Products;
			sourceTree = "<group>";
		};
		D8A0126E2D849A0300BE51B0 /* Week_9_Networking */ = {
			isa = PBXGroup;
			children = (
				D8A0126F2D849A0300BE51B0 /* AppDelegate.swift */,
				D8A0129F2D849A6000BE51B0 /* NetworkingManager.swift */,
				D8A012712D849A0300BE51B0 /* SceneDelegate.swift */,
				D8A012732D849A0300BE51B0 /* ViewController.swift */,
				D8A012752D849A0300BE51B0 /* Main.storyboard */,
				D8A012782D849A0400BE51B0 /* Assets.xcassets */,
				D8A0127A2D849A0400BE51B0 /* LaunchScreen.storyboard */,
				D8A0127D2D849A0400BE51B0 /* Info.plist */,
			);
			path = Week_9_Networking;
			sourceTree = "<group>";
		};
		D8A012852D849A0500BE51B0 /* Week_9_NetworkingTests */ = {
			isa = PBXGroup;
			children = (
				D8A012862D849A0500BE51B0 /* Week_9_NetworkingTests.swift */,
			);
			path = Week_9_NetworkingTests;
			sourceTree = "<group>";
		};
		D8A0128F2D849A0500BE51B0 /* Week_9_NetworkingUITests */ = {
			isa = PBXGroup;
			children = (
				D8A012902D849A0500BE51B0 /* Week_9_NetworkingUITests.swift */,
				D8A012922D849A0500BE51B0 /* Week_9_NetworkingUITestsLaunchTests.swift */,
			);
			path = Week_9_NetworkingUITests;
			sourceTree = "<group>";
		};
/* End PBXGroup section */

/* Begin PBXNativeTarget section */
		D8A0126B2D849A0200BE51B0 /* Week_9_Networking */ = {
			isa = PBXNativeTarget;
			buildConfigurationList = D8A012962D849A0500BE51B0 /* Build configuration list for PBXNativeTarget "Week_9_Networking" */;
			buildPhases = (
				D8A012682D849A0200BE51B0 /* Sources */,
				D8A012692D849A0200BE51B0 /* Frameworks */,
				D8A0126A2D849A0200BE51B0 /* Resources */,
			);
			buildRules = (
			);
			dependencies = (
			);
			name = Week_9_Networking;
			productName = Week_9_Networking;
			productReference = D8A0126C2D849A0300BE51B0 /* Week_9_Networking.app */;
			productType = "com.apple.product-type.application";
		};
		D8A012812D849A0500BE51B0 /* Week_9_NetworkingTests */ = {
			isa = PBXNativeTarget;
			buildConfigurationList = D8A012992D849A0500BE51B0 /* Build configuration list for PBXNativeTarget "Week_9_NetworkingTests" */;
			buildPhases = (
				D8A0127E2D849A0500BE51B0 /* Sources */,
				D8A0127F2D849A0500BE51B0 /* Frameworks */,
				D8A012802D849A0500BE51B0 /* Resources */,
			);
			buildRules = (
			);
			dependencies = (
				D8A012842D849A0500BE51B0 /* PBXTargetDependency */,
			);
			name = Week_9_NetworkingTests;
			productName = Week_9_NetworkingTests;
			productReference = D8A012822D849A0500BE51B0 /* Week_9_NetworkingTests.xctest */;
			productType = "com.apple.product-type.bundle.unit-test";
		};
		D8A0128B2D849A0500BE51B0 /* Week_9_NetworkingUITests */ = {
			isa = PBXNativeTarget;
			buildConfigurationList = D8A0129C2D849A0500BE51B0 /* Build configuration list for PBXNativeTarget "Week_9_NetworkingUITests" */;
			buildPhases = (
				D8A012882D849A0500BE51B0 /* Sources */,
				D8A012892D849A0500BE51B0 /* Frameworks */,
				D8A0128A2D849A0500BE51B0 /* Resources */,
			);
			buildRules = (
			);
			dependencies = (
				D8A0128E2D849A0500BE51B0 /* PBXTargetDependency */,
			);
			name = Week_9_NetworkingUITests;
			productName = Week_9_NetworkingUITests;
			productReference = D8A0128C2D849A0500BE51B0 /* Week_9_NetworkingUITests.xctest */;
			productType = "com.apple.product-type.bundle.ui-testing";
		};
/* End PBXNativeTarget section */

/* Begin PBXProject section */
		D8A012642D849A0200BE51B0 /* Project object */ = {
			isa = PBXProject;
			attributes = {
				BuildIndependentTargetsInParallel = 1;
				LastSwiftUpdateCheck = 1540;
				LastUpgradeCheck = 1540;
				TargetAttributes = {
					D8A0126B2D849A0200BE51B0 = {
						CreatedOnToolsVersion = 15.4;
					};
					D8A012812D849A0500BE51B0 = {
						CreatedOnToolsVersion = 15.4;
						TestTargetID = D8A0126B2D849A0200BE51B0;
					};
					D8A0128B2D849A0500BE51B0 = {
						CreatedOnToolsVersion = 15.4;
						TestTargetID = D8A0126B2D849A0200BE51B0;
					};
				};
			};
			buildConfigurationList = D8A012672D849A0200BE51B0 /* Build configuration list for PBXProject "Week_9_Networking" */;
			compatibilityVersion = "Xcode 14.0";
			developmentRegion = en;
			hasScannedForEncodings = 0;
			knownRegions = (
				en,
				Base,
			);
			mainGroup = D8A012632D849A0200BE51B0;
			productRefGroup = D8A0126D2D849A0300BE51B0 /* Products */;
			projectDirPath = "";
			projectRoot = "";
			targets = (
				D8A0126B2D849A0200BE51B0 /* Week_9_Networking */,
				D8A012812D849A0500BE51B0 /* Week_9_NetworkingTests */,
				D8A0128B2D849A0500BE51B0 /* Week_9_NetworkingUITests */,
			);
		};
/* End PBXProject section */

/* Begin PBXResourcesBuildPhase section */
		D8A0126A2D849A0200BE51B0 /* Resources */ = {
			isa = PBXResourcesBuildPhase;
			buildActionMask = 2147483647;
			files = (
				D8A012792D849A0400BE51B0 /* Assets.xcassets in Resources */,
				D8A0127C2D849A0400BE51B0 /* Base in Resources */,
				D8A012772D849A0300BE51B0 /* Base in Resources */,
			);
			runOnlyForDeploymentPostprocessing = 0;
		};
		D8A012802D849A0500BE51B0 /* Resources */ = {
			isa = PBXResourcesBuildPhase;
			buildActionMask = 2147483647;
			files = (
			);
			runOnlyForDeploymentPostprocessing = 0;
		};
		D8A0128A2D849A0500BE51B0 /* Resources */ = {
			isa = PBXResourcesBuildPhase;
			buildActionMask = 2147483647;
			files = (
			);
			runOnlyForDeploymentPostprocessing = 0;
		};
/* End PBXResourcesBuildPhase section */

/* Begin PBXSourcesBuildPhase section */
		D8A012682D849A0200BE51B0 /* Sources */ = {
			isa = PBXSourcesBuildPhase;
			buildActionMask = 2147483647;
			files = (
				D8A012742D849A0300BE51B0 /* ViewController.swift in Sources */,
				D8A012A02D849A6000BE51B0 /* NetworkingManager.swift in Sources */,
				D8A012702D849A0300BE51B0 /* AppDelegate.swift in Sources */,
				D8A012722D849A0300BE51B0 /* SceneDelegate.swift in Sources */,
			);
			runOnlyForDeploymentPostprocessing = 0;
		};
		D8A0127E2D849A0500BE51B0 /* Sources */ = {
			isa = PBXSourcesBuildPhase;
			buildActionMask = 2147483647;
			files = (
				D8A012872D849A0500BE51B0 /* Week_9_NetworkingTests.swift in Sources */,
			);
			runOnlyForDeploymentPostprocessing = 0;
		};
		D8A012882D849A0500BE51B0 /* Sources */ = {
			isa = PBXSourcesBuildPhase;
			buildActionMask = 2147483647;
			files = (
				D8A012932D849A0500BE51B0 /* Week_9_NetworkingUITestsLaunchTests.swift in Sources */,
				D8A012912D849A0500BE51B0 /* Week_9_NetworkingUITests.swift in Sources */,
			);
			runOnlyForDeploymentPostprocessing = 0;
		};
/* End PBXSourcesBuildPhase section */

/* Begin PBXTargetDependency section */
		D8A012842D849A0500BE51B0 /* PBXTargetDependency */ = {
			isa = PBXTargetDependency;
			target = D8A0126B2D849A0200BE51B0 /* Week_9_Networking */;
			targetProxy = D8A012832D849A0500BE51B0 /* PBXContainerItemProxy */;
		};
		D8A0128E2D849A0500BE51B0 /* PBXTargetDependency */ = {
			isa = PBXTargetDependency;
			target = D8A0126B2D849A0200BE51B0 /* Week_9_Networking */;
			targetProxy = D8A0128D2D849A0500BE51B0 /* PBXContainerItemProxy */;
		};
/* End PBXTargetDependency section */

/* Begin PBXVariantGroup section */
		D8A012752D849A0300BE51B0 /* Main.storyboard */ = {
			isa = PBXVariantGroup;
			children = (
				D8A012762D849A0300BE51B0 /* Base */,
			);
			name = Main.storyboard;
			sourceTree = "<group>";
		};
		D8A0127A2D849A0400BE51B0 /* LaunchScreen.storyboard */ = {
			isa = PBXVariantGroup;
			children = (
				D8A0127B2D849A0400BE51B0 /* Base */,
			);
			name = LaunchScreen.storyboard;
			sourceTree = "<group>";
		};
/* End PBXVariantGroup section */

/* Begin XCBuildConfiguration section */
		D8A012942D849A0500BE51B0 /* Debug */ = {
			isa = XCBuildConfiguration;
			buildSettings = {
				ALWAYS_SEARCH_USER_PATHS = NO;
				ASSETCATALOG_COMPILER_GENERATE_SWIFT_ASSET_SYMBOL_EXTENSIONS = YES;
				CLANG_ANALYZER_NONNULL = YES;
				CLANG_ANALYZER_NUMBER_OBJECT_CONVERSION = YES_AGGRESSIVE;
				CLANG_CXX_LANGUAGE_STANDARD = "gnu++20";
				CLANG_ENABLE_MODULES = YES;
				CLANG_ENABLE_OBJC_ARC = YES;
				CLANG_ENABLE_OBJC_WEAK = YES;
				CLANG_WARN_BLOCK_CAPTURE_AUTORELEASING = YES;
				CLANG_WARN_BOOL_CONVERSION = YES;
				CLANG_WARN_COMMA = YES;
				CLANG_WARN_CONSTANT_CONVERSION = YES;
				CLANG_WARN_DEPRECATED_OBJC_IMPLEMENTATIONS = YES;
				CLANG_WARN_DIRECT_OBJC_ISA_USAGE = YES_ERROR;
				CLANG_WARN_DOCUMENTATION_COMMENTS = YES;
				CLANG_WARN_EMPTY_BODY = YES;
				CLANG_WARN_ENUM_CONVERSION = YES;
				CLANG_WARN_INFINITE_RECURSION = YES;
				CLANG_WARN_INT_CONVERSION = YES;
				CLANG_WARN_NON_LITERAL_NULL_CONVERSION = YES;
				CLANG_WARN_OBJC_IMPLICIT_RETAIN_SELF = YES;
				CLANG_WARN_OBJC_LITERAL_CONVERSION = YES;
				CLANG_WARN_OBJC_ROOT_CLASS = YES_ERROR;
				CLANG_WARN_QUOTED_INCLUDE_IN_FRAMEWORK_HEADER = YES;
				CLANG_WARN_RANGE_LOOP_ANALYSIS = YES;
				CLANG_WARN_STRICT_PROTOTYPES = YES;
				CLANG_WARN_SUSPICIOUS_MOVE = YES;
				CLANG_WARN_UNGUARDED_AVAILABILITY = YES_AGGRESSIVE;
				CLANG_WARN_UNREACHABLE_CODE = YES;
				CLANG_WARN__DUPLICATE_METHOD_MATCH = YES;
				COPY_PHASE_STRIP = NO;
				DEBUG_INFORMATION_FORMAT = dwarf;
				ENABLE_STRICT_OBJC_MSGSEND = YES;
				ENABLE_TESTABILITY = YES;
				ENABLE_USER_SCRIPT_SANDBOXING = YES;
				GCC_C_LANGUAGE_STANDARD = gnu17;
				GCC_DYNAMIC_NO_PIC = NO;
				GCC_NO_COMMON_BLOCKS = YES;
				GCC_OPTIMIZATION_LEVEL = 0;
				GCC_PREPROCESSOR_DEFINITIONS = (
					"DEBUG=1",
					"$(inherited)",
				);
				GCC_WARN_64_TO_32_BIT_CONVERSION = YES;
				GCC_WARN_ABOUT_RETURN_TYPE = YES_ERROR;
				GCC_WARN_UNDECLARED_SELECTOR = YES;
				GCC_WARN_UNINITIALIZED_AUTOS = YES_AGGRESSIVE;
				GCC_WARN_UNUSED_FUNCTION = YES;
				GCC_WARN_UNUSED_VARIABLE = YES;
				IPHONEOS_DEPLOYMENT_TARGET = 17.5;
				LOCALIZATION_PREFERS_STRING_CATALOGS = YES;
				MTL_ENABLE_DEBUG_INFO = INCLUDE_SOURCE;
				MTL_FAST_MATH = YES;
				ONLY_ACTIVE_ARCH = YES;
				SDKROOT = iphoneos;
				SWIFT_ACTIVE_COMPILATION_CONDITIONS = "DEBUG $(inherited)";
				SWIFT_OPTIMIZATION_LEVEL = "-Onone";
			};
			name = Debug;
		};
		D8A012952D849A0500BE51B0 /* Release */ = {
			isa = XCBuildConfiguration;
			buildSettings = {
				ALWAYS_SEARCH_USER_PATHS = NO;
				ASSETCATALOG_COMPILER_GENERATE_SWIFT_ASSET_SYMBOL_EXTENSIONS = YES;
				CLANG_ANALYZER_NONNULL = YES;
				CLANG_ANALYZER_NUMBER_OBJECT_CONVERSION = YES_AGGRESSIVE;
				CLANG_CXX_LANGUAGE_STANDARD = "gnu++20";
				CLANG_ENABLE_MODULES = YES;
				CLANG_ENABLE_OBJC_ARC = YES;
				CLANG_ENABLE_OBJC_WEAK = YES;
				CLANG_WARN_BLOCK_CAPTURE_AUTORELEASING = YES;
				CLANG_WARN_BOOL_CONVERSION = YES;
				CLANG_WARN_COMMA = YES;
				CLANG_WARN_CONSTANT_CONVERSION = YES;
				CLANG_WARN_DEPRECATED_OBJC_IMPLEMENTATIONS = YES;
				CLANG_WARN_DIRECT_OBJC_ISA_USAGE = YES_ERROR;
				CLANG_WARN_DOCUMENTATION_COMMENTS = YES;
				CLANG_WARN_EMPTY_BODY = YES;
				CLANG_WARN_ENUM_CONVERSION = YES;
				CLANG_WARN_INFINITE_RECURSION = YES;
				CLANG_WARN_INT_CONVERSION = YES;
				CLANG_WARN_NON_LITERAL_NULL_CONVERSION = YES;
				CLANG_WARN_OBJC_IMPLICIT_RETAIN_SELF = YES;
				CLANG_WARN_OBJC_LITERAL_CONVERSION = YES;
				CLANG_WARN_OBJC_ROOT_CLASS = YES_ERROR;
				CLANG_WARN_QUOTED_INCLUDE_IN_FRAMEWORK_HEADER = YES;
				CLANG_WARN_RANGE_LOOP_ANALYSIS = YES;
				CLANG_WARN_STRICT_PROTOTYPES = YES;
				CLANG_WARN_SUSPICIOUS_MOVE = YES;
				CLANG_WARN_UNGUARDED_AVAILABILITY = YES_AGGRESSIVE;
				CLANG_WARN_UNREACHABLE_CODE = YES;
				CLANG_WARN__DUPLICATE_METHOD_MATCH = YES;
				COPY_PHASE_STRIP = NO;
				DEBUG_INFORMATION_FORMAT = "dwarf-with-dsym";
				ENABLE_NS_ASSERTIONS = NO;
				ENABLE_STRICT_OBJC_MSGSEND = YES;
				ENABLE_USER_SCRIPT_SANDBOXING = YES;
				GCC_C_LANGUAGE_STANDARD = gnu17;
				GCC_NO_COMMON_BLOCKS = YES;
				GCC_WARN_64_TO_32_BIT_CONVERSION = YES;
				GCC_WARN_ABOUT_RETURN_TYPE = YES_ERROR;
				GCC_WARN_UNDECLARED_SELECTOR = YES;
				GCC_WARN_UNINITIALIZED_AUTOS = YES_AGGRESSIVE;
				GCC_WARN_UNUSED_FUNCTION = YES;
				GCC_WARN_UNUSED_VARIABLE = YES;
				IPHONEOS_DEPLOYMENT_TARGET = 17.5;
				LOCALIZATION_PREFERS_STRING_CATALOGS = YES;
				MTL_ENABLE_DEBUG_INFO = NO;
				MTL_FAST_MATH = YES;
				SDKROOT = iphoneos;
				SWIFT_COMPILATION_MODE = wholemodule;
				VALIDATE_PRODUCT = YES;
			};
			name = Release;
		};
		D8A012972D849A0500BE51B0 /* Debug */ = {
			isa = XCBuildConfiguration;
			buildSettings = {
				ASSETCATALOG_COMPILER_APPICON_NAME = AppIcon;
				ASSETCATALOG_COMPILER_GLOBAL_ACCENT_COLOR_NAME = AccentColor;
				CODE_SIGN_STYLE = Automatic;
				CURRENT_PROJECT_VERSION = 1;
				GENERATE_INFOPLIST_FILE = YES;
				INFOPLIST_FILE = Week_9_Networking/Info.plist;
				INFOPLIST_KEY_UIApplicationSupportsIndirectInputEvents = YES;
				INFOPLIST_KEY_UILaunchStoryboardName = LaunchScreen;
				INFOPLIST_KEY_UIMainStoryboardFile = Main;
				INFOPLIST_KEY_UISupportedInterfaceOrientations_iPad = "UIInterfaceOrientationPortrait UIInterfaceOrientationPortraitUpsideDown UIInterfaceOrientationLandscapeLeft UIInterfaceOrientationLandscapeRight";
				INFOPLIST_KEY_UISupportedInterfaceOrientations_iPhone = "UIInterfaceOrientationPortrait UIInterfaceOrientationLandscapeLeft UIInterfaceOrientationLandscapeRight";
				LD_RUNPATH_SEARCH_PATHS = (
					"$(inherited)",
					"@executable_path/Frameworks",
				);
				MARKETING_VERSION = 1.0;
				PRODUCT_BUNDLE_IDENTIFIER = "humber.ca.Week-9-Networking";
				PRODUCT_NAME = "$(TARGET_NAME)";
				SWIFT_EMIT_LOC_STRINGS = YES;
				SWIFT_VERSION = 5.0;
				TARGETED_DEVICE_FAMILY = "1,2";
			};
			name = Debug;
		};
		D8A012982D849A0500BE51B0 /* Release */ = {
			isa = XCBuildConfiguration;
			buildSettings = {
				ASSETCATALOG_COMPILER_APPICON_NAME = AppIcon;
				ASSETCATALOG_COMPILER_GLOBAL_ACCENT_COLOR_NAME = AccentColor;
				CODE_SIGN_STYLE = Automatic;
				CURRENT_PROJECT_VERSION = 1;
				GENERATE_INFOPLIST_FILE = YES;
				INFOPLIST_FILE = Week_9_Networking/Info.plist;
				INFOPLIST_KEY_UIApplicationSupportsIndirectInputEvents = YES;
				INFOPLIST_KEY_UILaunchStoryboardName = LaunchScreen;
				INFOPLIST_KEY_UIMainStoryboardFile = Main;
				INFOPLIST_KEY_UISupportedInterfaceOrientations_iPad = "UIInterfaceOrientationPortrait UIInterfaceOrientationPortraitUpsideDown UIInterfaceOrientationLandscapeLeft UIInterfaceOrientationLandscapeRight";
				INFOPLIST_KEY_UISupportedInterfaceOrientations_iPhone = "UIInterfaceOrientationPortrait UIInterfaceOrientationLandscapeLeft UIInterfaceOrientationLandscapeRight";
				LD_RUNPATH_SEARCH_PATHS = (
					"$(inherited)",
					"@executable_path/Frameworks",
				);
				MARKETING_VERSION = 1.0;
				PRODUCT_BUNDLE_IDENTIFIER = "humber.ca.Week-9-Networking";
				PRODUCT_NAME = "$(TARGET_NAME)";
				SWIFT_EMIT_LOC_STRINGS = YES;
				SWIFT_VERSION = 5.0;
				TARGETED_DEVICE_FAMILY = "1,2";
			};
			name = Release;
		};
		D8A0129A2D849A0500BE51B0 /* Debug */ = {
			isa = XCBuildConfiguration;
			buildSettings = {
				ALWAYS_EMBED_SWIFT_STANDARD_LIBRARIES = YES;
				BUNDLE_LOADER = "$(TEST_HOST)";
				CODE_SIGN_STYLE = Automatic;
				CURRENT_PROJECT_VERSION = 1;
				GENERATE_INFOPLIST_FILE = YES;
				IPHONEOS_DEPLOYMENT_TARGET = 17.5;
				MARKETING_VERSION = 1.0;
				PRODUCT_BUNDLE_IDENTIFIER = "humber.ca.Week-9-NetworkingTests";
				PRODUCT_NAME = "$(TARGET_NAME)";
				SWIFT_EMIT_LOC_STRINGS = NO;
				SWIFT_VERSION = 5.0;
				TARGETED_DEVICE_FAMILY = "1,2";
				TEST_HOST = "$(BUILT_PRODUCTS_DIR)/Week_9_Networking.app/$(BUNDLE_EXECUTABLE_FOLDER_PATH)/Week_9_Networking";
			};
			name = Debug;
		};
		D8A0129B2D849A0500BE51B0 /* Release */ = {
			isa = XCBuildConfiguration;
			buildSettings = {
				ALWAYS_EMBED_SWIFT_STANDARD_LIBRARIES = YES;
				BUNDLE_LOADER = "$(TEST_HOST)";
				CODE_SIGN_STYLE = Automatic;
				CURRENT_PROJECT_VERSION = 1;
				GENERATE_INFOPLIST_FILE = YES;
				IPHONEOS_DEPLOYMENT_TARGET = 17.5;
				MARKETING_VERSION = 1.0;
				PRODUCT_BUNDLE_IDENTIFIER = "humber.ca.Week-9-NetworkingTests";
				PRODUCT_NAME = "$(TARGET_NAME)";
				SWIFT_EMIT_LOC_STRINGS = NO;
				SWIFT_VERSION = 5.0;
				TARGETED_DEVICE_FAMILY = "1,2";
				TEST_HOST = "$(BUILT_PRODUCTS_DIR)/Week_9_Networking.app/$(BUNDLE_EXECUTABLE_FOLDER_PATH)/Week_9_Networking";
			};
			name = Release;
		};
		D8A0129D2D849A0500BE51B0 /* Debug */ = {
			isa = XCBuildConfiguration;
			buildSettings = {
				ALWAYS_EMBED_SWIFT_STANDARD_LIBRARIES = YES;
				CODE_SIGN_STYLE = Automatic;
				CURRENT_PROJECT_VERSION = 1;
				GENERATE_INFOPLIST_FILE = YES;
				MARKETING_VERSION = 1.0;
				PRODUCT_BUNDLE_IDENTIFIER = "humber.ca.Week-9-NetworkingUITests";
				PRODUCT_NAME = "$(TARGET_NAME)";
				SWIFT_EMIT_LOC_STRINGS = NO;
				SWIFT_VERSION = 5.0;
				TARGETED_DEVICE_FAMILY = "1,2";
				TEST_TARGET_NAME = Week_9_Networking;
			};
			name = Debug;
		};
		D8A0129E2D849A0500BE51B0 /* Release */ = {
			isa = XCBuildConfiguration;
			buildSettings = {
				ALWAYS_EMBED_SWIFT_STANDARD_LIBRARIES = YES;
				CODE_SIGN_STYLE = Automatic;
				CURRENT_PROJECT_VERSION = 1;
				GENERATE_INFOPLIST_FILE = YES;
				MARKETING_VERSION = 1.0;
				PRODUCT_BUNDLE_IDENTIFIER = "humber.ca.Week-9-NetworkingUITests";
				PRODUCT_NAME = "$(TARGET_NAME)";
				SWIFT_EMIT_LOC_STRINGS = NO;
				SWIFT_VERSION = 5.0;
				TARGETED_DEVICE_FAMILY = "1,2";
				TEST_TARGET_NAME = Week_9_Networking;
			};
			name = Release;
		};
/* End XCBuildConfiguration section */

/* Begin XCConfigurationList section */
		D8A012672D849A0200BE51B0 /* Build configuration list for PBXProject "Week_9_Networking" */ = {
			isa = XCConfigurationList;
			buildConfigurations = (
				D8A012942D849A0500BE51B0 /* Debug */,
				D8A012952D849A0500BE51B0 /* Release */,
			);
			defaultConfigurationIsVisible = 0;
			defaultConfigurationName = Release;
		};
		D8A012962D849A0500BE51B0 /* Build configuration list for PBXNativeTarget "Week_9_Networking" */ = {
			isa = XCConfigurationList;
			buildConfigurations = (
				D8A012972D849A0500BE51B0 /* Debug */,
				D8A012982D849A0500BE51B0 /* Release */,
			);
			defaultConfigurationIsVisible = 0;
			defaultConfigurationName = Release;
		};
		D8A012992D849A0500BE51B0 /* Build configuration list for PBXNativeTarget "Week_9_NetworkingTests" */ = {
			isa = XCConfigurationList;
			buildConfigurations = (
				D8A0129A2D849A0500BE51B0 /* Debug */,
				D8A0129B2D849A0500BE51B0 /* Release */,
			);
			defaultConfigurationIsVisible = 0;
			defaultConfigurationName = Release;
		};
		D8A0129C2D849A0500BE51B0 /* Build configuration list for PBXNativeTarget "Week_9_NetworkingUITests" */ = {
			isa = XCConfigurationList;
			buildConfigurations = (
				D8A0129D2D849A0500BE51B0 /* Debug */,
				D8A0129E2D849A0500BE51B0 /* Release */,
			);
			defaultConfigurationIsVisible = 0;
			defaultConfigurationName = Release;
		};
/* End XCConfigurationList section */
	};
	rootObject = D8A012642D849A0200BE51B0 /* Project object */;
}
