// !$*UTF8*$!
{
	archiveVersion = 1;
	classes = {
	};
	objectVersion = 56;
	objects = {

/* Begin PBXBuildFile section */
		215D873C2D8DCF050044C870 /* WeatherModel.swift in Sources */ = {isa = PBXBuildFile; fileRef = 215D873B2D8DCF050044C870 /* WeatherModel.swift */; };
		215D873E2D8DD82C0044C870 /* WeatherViewController.swift in Sources */ = {isa = PBXBuildFile; fileRef = 215D873D2D8DD82C0044C870 /* WeatherViewController.swift */; };
		21ABC2962D9712070075FAFE /* weatherapp_coredata_model.xcdatamodeld in Sources */ = {isa = PBXBuildFile; fileRef = 21ABC2942D9712070075FAFE /* weatherapp_coredata_model.xcdatamodeld */; };
		21ABC2982D97131A0075FAFE /* CoreDataManager.swift in Sources */ = {isa = PBXBuildFile; fileRef = 21ABC2972D97131A0075FAFE /* CoreDataManager.swift */; };
		21B04BF22D849A23009E96A4 /* AppDelegate.swift in Sources */ = {isa = PBXBuildFile; fileRef = 21B04BF12D849A23009E96A4 /* AppDelegate.swift */; };
		21B04BF42D849A23009E96A4 /* SceneDelegate.swift in Sources */ = {isa = PBXBuildFile; fileRef = 21B04BF32D849A23009E96A4 /* SceneDelegate.swift */; };
		21B04BF92D849A23009E96A4 /* Base in Resources */ = {isa = PBXBuildFile; fileRef = 21B04BF82D849A23009E96A4 /* Base */; };
		21B04BFB2D849A25009E96A4 /* Assets.xcassets in Resources */ = {isa = PBXBuildFile; fileRef = 21B04BFA2D849A25009E96A4 /* Assets.xcassets */; };
		21B04BFE2D849A25009E96A4 /* Base in Resources */ = {isa = PBXBuildFile; fileRef = 21B04BFD2D849A25009E96A4 /* Base */; };
		21B04C062D849A48009E96A4 /* NetworkingManager.swift in Sources */ = {isa = PBXBuildFile; fileRef = 21B04C052D849A48009E96A4 /* NetworkingManager.swift */; };
		21B04C082D84A211009E96A4 /* CitiesTableViewController.swift in Sources */ = {isa = PBXBuildFile; fileRef = 21B04C072D84A211009E96A4 /* CitiesTableViewController.swift */; };
/* End PBXBuildFile section */

/* Begin PBXFileReference section */
		215D873B2D8DCF050044C870 /* WeatherModel.swift */ = {isa = PBXFileReference; lastKnownFileType = sourcecode.swift; path = WeatherModel.swift; sourceTree = "<group>"; };
		215D873D2D8DD82C0044C870 /* WeatherViewController.swift */ = {isa = PBXFileReference; lastKnownFileType = sourcecode.swift; path = WeatherViewController.swift; sourceTree = "<group>"; };
		21ABC2952D9712070075FAFE /* weatherapp_coredata_model.xcdatamodel */ = {isa = PBXFileReference; lastKnownFileType = wrapper.xcdatamodel; path = weatherapp_coredata_model.xcdatamodel; sourceTree = "<group>"; };
		21ABC2972D97131A0075FAFE /* CoreDataManager.swift */ = {isa = PBXFileReference; lastKnownFileType = sourcecode.swift; path = CoreDataManager.swift; sourceTree = "<group>"; };
		21B04BEE2D849A23009E96A4 /* WeatherApp.app */ = {isa = PBXFileReference; explicitFileType = wrapper.application; includeInIndex = 0; path = WeatherApp.app; sourceTree = BUILT_PRODUCTS_DIR; };
		21B04BF12D849A23009E96A4 /* AppDelegate.swift */ = {isa = PBXFileReference; lastKnownFileType = sourcecode.swift; path = AppDelegate.swift; sourceTree = "<group>"; };
		21B04BF32D849A23009E96A4 /* SceneDelegate.swift */ = {isa = PBXFileReference; lastKnownFileType = sourcecode.swift; path = SceneDelegate.swift; sourceTree = "<group>"; };
		21B04BF82D849A23009E96A4 /* Base */ = {isa = PBXFileReference; lastKnownFileType = file.storyboard; name = Base; path = Base.lproj/Main.storyboard; sourceTree = "<group>"; };
		21B04BFA2D849A25009E96A4 /* Assets.xcassets */ = {isa = PBXFileReference; lastKnownFileType = folder.assetcatalog; path = Assets.xcassets; sourceTree = "<group>"; };
		21B04BFD2D849A25009E96A4 /* Base */ = {isa = PBXFileReference; lastKnownFileType = file.storyboard; name = Base; path = Base.lproj/LaunchScreen.storyboard; sourceTree = "<group>"; };
		21B04BFF2D849A25009E96A4 /* Info.plist */ = {isa = PBXFileReference; lastKnownFileType = text.plist.xml; path = Info.plist; sourceTree = "<group>"; };
		21B04C052D849A48009E96A4 /* NetworkingManager.swift */ = {isa = PBXFileReference; lastKnownFileType = sourcecode.swift; path = NetworkingManager.swift; sourceTree = "<group>"; };
		21B04C072D84A211009E96A4 /* CitiesTableViewController.swift */ = {isa = PBXFileReference; lastKnownFileType = sourcecode.swift; path = CitiesTableViewController.swift; sourceTree = "<group>"; };
/* End PBXFileReference section */

/* Begin PBXFrameworksBuildPhase section */
		21B04BEB2D849A23009E96A4 /* Frameworks */ = {
			isa = PBXFrameworksBuildPhase;
			buildActionMask = 2147483647;
			files = (
			);
			runOnlyForDeploymentPostprocessing = 0;
		};
/* End PBXFrameworksBuildPhase section */

/* Begin PBXGroup section */
		21B04BE52D849A23009E96A4 = {
			isa = PBXGroup;
			children = (
				21B04BF02D849A23009E96A4 /* WeatherApp */,
				21B04BEF2D849A23009E96A4 /* Products */,
			);
			sourceTree = "<group>";
		};
		21B04BEF2D849A23009E96A4 /* Products */ = {
			isa = PBXGroup;
			children = (
				21B04BEE2D849A23009E96A4 /* WeatherApp.app */,
			);
			name = Products;
			sourceTree = "<group>";
		};
		21B04BF02D849A23009E96A4 /* WeatherApp */ = {
			isa = PBXGroup;
			children = (
				21B04BF12D849A23009E96A4 /* AppDelegate.swift */,
				21B04BF32D849A23009E96A4 /* SceneDelegate.swift */,
				21B04BF72D849A23009E96A4 /* Main.storyboard */,
				21B04BFA2D849A25009E96A4 /* Assets.xcassets */,
				21B04BFC2D849A25009E96A4 /* LaunchScreen.storyboard */,
				21B04BFF2D849A25009E96A4 /* Info.plist */,
				21B04C052D849A48009E96A4 /* NetworkingManager.swift */,
				21B04C072D84A211009E96A4 /* CitiesTableViewController.swift */,
				215D873B2D8DCF050044C870 /* WeatherModel.swift */,
				215D873D2D8DD82C0044C870 /* WeatherViewController.swift */,
				21ABC2942D9712070075FAFE /* weatherapp_coredata_model.xcdatamodeld */,
				21ABC2972D97131A0075FAFE /* CoreDataManager.swift */,
			);
			path = WeatherApp;
			sourceTree = "<group>";
		};
/* End PBXGroup section */

/* Begin PBXNativeTarget section */
		21B04BED2D849A23009E96A4 /* WeatherApp */ = {
			isa = PBXNativeTarget;
			buildConfigurationList = 21B04C022D849A25009E96A4 /* Build configuration list for PBXNativeTarget "WeatherApp" */;
			buildPhases = (
				21B04BEA2D849A23009E96A4 /* Sources */,
				21B04BEB2D849A23009E96A4 /* Frameworks */,
				21B04BEC2D849A23009E96A4 /* Resources */,
			);
			buildRules = (
			);
			dependencies = (
			);
			name = WeatherApp;
			productName = WeatherApp;
			productReference = 21B04BEE2D849A23009E96A4 /* WeatherApp.app */;
			productType = "com.apple.product-type.application";
		};
/* End PBXNativeTarget section */

/* Begin PBXProject section */
		21B04BE62D849A23009E96A4 /* Project object */ = {
			isa = PBXProject;
			attributes = {
				BuildIndependentTargetsInParallel = 1;
				LastSwiftUpdateCheck = 1540;
				LastUpgradeCheck = 1540;
				TargetAttributes = {
					21B04BED2D849A23009E96A4 = {
						CreatedOnToolsVersion = 15.4;
					};
				};
			};
			buildConfigurationList = 21B04BE92D849A23009E96A4 /* Build configuration list for PBXProject "WeatherApp" */;
			compatibilityVersion = "Xcode 14.0";
			developmentRegion = en;
			hasScannedForEncodings = 0;
			knownRegions = (
				en,
				Base,
			);
			mainGroup = 21B04BE52D849A23009E96A4;
			productRefGroup = 21B04BEF2D849A23009E96A4 /* Products */;
			projectDirPath = "";
			projectRoot = "";
			targets = (
				21B04BED2D849A23009E96A4 /* WeatherApp */,
			);
		};
/* End PBXProject section */

/* Begin PBXResourcesBuildPhase section */
		21B04BEC2D849A23009E96A4 /* Resources */ = {
			isa = PBXResourcesBuildPhase;
			buildActionMask = 2147483647;
			files = (
				21B04BFB2D849A25009E96A4 /* Assets.xcassets in Resources */,
				21B04BFE2D849A25009E96A4 /* Base in Resources */,
				21B04BF92D849A23009E96A4 /* Base in Resources */,
			);
			runOnlyForDeploymentPostprocessing = 0;
		};
/* End PBXResourcesBuildPhase section */

/* Begin PBXSourcesBuildPhase section */
		21B04BEA2D849A23009E96A4 /* Sources */ = {
			isa = PBXSourcesBuildPhase;
			buildActionMask = 2147483647;
			files = (
				21B04C062D849A48009E96A4 /* NetworkingManager.swift in Sources */,
				21ABC2962D9712070075FAFE /* weatherapp_coredata_model.xcdatamodeld in Sources */,
				215D873E2D8DD82C0044C870 /* WeatherViewController.swift in Sources */,
				21B04BF22D849A23009E96A4 /* AppDelegate.swift in Sources */,
				21B04C082D84A211009E96A4 /* CitiesTableViewController.swift in Sources */,
				21B04BF42D849A23009E96A4 /* SceneDelegate.swift in Sources */,
				21ABC2982D97131A0075FAFE /* CoreDataManager.swift in Sources */,
				215D873C2D8DCF050044C870 /* WeatherModel.swift in Sources */,
			);
			runOnlyForDeploymentPostprocessing = 0;
		};
/* End PBXSourcesBuildPhase section */

/* Begin PBXVariantGroup section */
		21B04BF72D849A23009E96A4 /* Main.storyboard */ = {
			isa = PBXVariantGroup;
			children = (
				21B04BF82D849A23009E96A4 /* Base */,
			);
			name = Main.storyboard;
			sourceTree = "<group>";
		};
		21B04BFC2D849A25009E96A4 /* LaunchScreen.storyboard */ = {
			isa = PBXVariantGroup;
			children = (
				21B04BFD2D849A25009E96A4 /* Base */,
			);
			name = LaunchScreen.storyboard;
			sourceTree = "<group>";
		};
/* End PBXVariantGroup section */

/* Begin XCBuildConfiguration section */
		21B04C002D849A25009E96A4 /* Debug */ = {
			isa = XCBuildConfiguration;
			buildSettings = {
				ALWAYS_SEARCH_USER_PATHS = NO;
				ASSETCATALOG_COMPILER_GENERATE_SWIFT_ASSET_SYMBOL_EXTENSIONS = YES;
				CLANG_ANALYZER_NONNULL = YES;
				CLANG_ANALYZER_NUMBER_OBJECT_CONVERSION = YES_AGGRESSIVE;
				CLANG_CXX_LANGUAGE_STANDARD = "gnu++20";
				CLANG_ENABLE_MODULES = YES;
				CLANG_ENABLE_OBJC_ARC = YES;
				CLANG_ENABLE_OBJC_WEAK = YES;
				CLANG_WARN_BLOCK_CAPTURE_AUTORELEASING = YES;
				CLANG_WARN_BOOL_CONVERSION = YES;
				CLANG_WARN_COMMA = YES;
				CLANG_WARN_CONSTANT_CONVERSION = YES;
				CLANG_WARN_DEPRECATED_OBJC_IMPLEMENTATIONS = YES;
				CLANG_WARN_DIRECT_OBJC_ISA_USAGE = YES_ERROR;
				CLANG_WARN_DOCUMENTATION_COMMENTS = YES;
				CLANG_WARN_EMPTY_BODY = YES;
				CLANG_WARN_ENUM_CONVERSION = YES;
				CLANG_WARN_INFINITE_RECURSION = YES;
				CLANG_WARN_INT_CONVERSION = YES;
				CLANG_WARN_NON_LITERAL_NULL_CONVERSION = YES;
				CLANG_WARN_OBJC_IMPLICIT_RETAIN_SELF = YES;
				CLANG_WARN_OBJC_LITERAL_CONVERSION = YES;
				CLANG_WARN_OBJC_ROOT_CLASS = YES_ERROR;
				CLANG_WARN_QUOTED_INCLUDE_IN_FRAMEWORK_HEADER = YES;
				CLANG_WARN_RANGE_LOOP_ANALYSIS = YES;
				CLANG_WARN_STRICT_PROTOTYPES = YES;
				CLANG_WARN_SUSPICIOUS_MOVE = YES;
				CLANG_WARN_UNGUARDED_AVAILABILITY = YES_AGGRESSIVE;
				CLANG_WARN_UNREACHABLE_CODE = YES;
				CLANG_WARN__DUPLICATE_METHOD_MATCH = YES;
				COPY_PHASE_STRIP = NO;
				DEBUG_INFORMATION_FORMAT = dwarf;
				ENABLE_STRICT_OBJC_MSGSEND = YES;
				ENABLE_TESTABILITY = YES;
				ENABLE_USER_SCRIPT_SANDBOXING = YES;
				GCC_C_LANGUAGE_STANDARD = gnu17;
				GCC_DYNAMIC_NO_PIC = NO;
				GCC_NO_COMMON_BLOCKS = YES;
				GCC_OPTIMIZATION_LEVEL = 0;
				GCC_PREPROCESSOR_DEFINITIONS = (
					"DEBUG=1",
					"$(inherited)",
				);
				GCC_WARN_64_TO_32_BIT_CONVERSION = YES;
				GCC_WARN_ABOUT_RETURN_TYPE = YES_ERROR;
				GCC_WARN_UNDECLARED_SELECTOR = YES;
				GCC_WARN_UNINITIALIZED_AUTOS = YES_AGGRESSIVE;
				GCC_WARN_UNUSED_FUNCTION = YES;
				GCC_WARN_UNUSED_VARIABLE = YES;
				IPHONEOS_DEPLOYMENT_TARGET = 17.5;
				LOCALIZATION_PREFERS_STRING_CATALOGS = YES;
				MTL_ENABLE_DEBUG_INFO = INCLUDE_SOURCE;
				MTL_FAST_MATH = YES;
				ONLY_ACTIVE_ARCH = YES;
				SDKROOT = iphoneos;
				SWIFT_ACTIVE_COMPILATION_CONDITIONS = "DEBUG $(inherited)";
				SWIFT_OPTIMIZATION_LEVEL = "-Onone";
			};
			name = Debug;
		};
		21B04C012D849A25009E96A4 /* Release */ = {
			isa = XCBuildConfiguration;
			buildSettings = {
				ALWAYS_SEARCH_USER_PATHS = NO;
				ASSETCATALOG_COMPILER_GENERATE_SWIFT_ASSET_SYMBOL_EXTENSIONS = YES;
				CLANG_ANALYZER_NONNULL = YES;
				CLANG_ANALYZER_NUMBER_OBJECT_CONVERSION = YES_AGGRESSIVE;
				CLANG_CXX_LANGUAGE_STANDARD = "gnu++20";
				CLANG_ENABLE_MODULES = YES;
				CLANG_ENABLE_OBJC_ARC = YES;
				CLANG_ENABLE_OBJC_WEAK = YES;
				CLANG_WARN_BLOCK_CAPTURE_AUTORELEASING = YES;
				CLANG_WARN_BOOL_CONVERSION = YES;
				CLANG_WARN_COMMA = YES;
				CLANG_WARN_CONSTANT_CONVERSION = YES;
				CLANG_WARN_DEPRECATED_OBJC_IMPLEMENTATIONS = YES;
				CLANG_WARN_DIRECT_OBJC_ISA_USAGE = YES_ERROR;
				CLANG_WARN_DOCUMENTATION_COMMENTS = YES;
				CLANG_WARN_EMPTY_BODY = YES;
				CLANG_WARN_ENUM_CONVERSION = YES;
				CLANG_WARN_INFINITE_RECURSION = YES;
				CLANG_WARN_INT_CONVERSION = YES;
				CLANG_WARN_NON_LITERAL_NULL_CONVERSION = YES;
				CLANG_WARN_OBJC_IMPLICIT_RETAIN_SELF = YES;
				CLANG_WARN_OBJC_LITERAL_CONVERSION = YES;
				CLANG_WARN_OBJC_ROOT_CLASS = YES_ERROR;
				CLANG_WARN_QUOTED_INCLUDE_IN_FRAMEWORK_HEADER = YES;
				CLANG_WARN_RANGE_LOOP_ANALYSIS = YES;
				CLANG_WARN_STRICT_PROTOTYPES = YES;
				CLANG_WARN_SUSPICIOUS_MOVE = YES;
				CLANG_WARN_UNGUARDED_AVAILABILITY = YES_AGGRESSIVE;
				CLANG_WARN_UNREACHABLE_CODE = YES;
				CLANG_WARN__DUPLICATE_METHOD_MATCH = YES;
				COPY_PHASE_STRIP = NO;
				DEBUG_INFORMATION_FORMAT = "dwarf-with-dsym";
				ENABLE_NS_ASSERTIONS = NO;
				ENABLE_STRICT_OBJC_MSGSEND = YES;
				ENABLE_USER_SCRIPT_SANDBOXING = YES;
				GCC_C_LANGUAGE_STANDARD = gnu17;
				GCC_NO_COMMON_BLOCKS = YES;
				GCC_WARN_64_TO_32_BIT_CONVERSION = YES;
				GCC_WARN_ABOUT_RETURN_TYPE = YES_ERROR;
				GCC_WARN_UNDECLARED_SELECTOR = YES;
				GCC_WARN_UNINITIALIZED_AUTOS = YES_AGGRESSIVE;
				GCC_WARN_UNUSED_FUNCTION = YES;
				GCC_WARN_UNUSED_VARIABLE = YES;
				IPHONEOS_DEPLOYMENT_TARGET = 17.5;
				LOCALIZATION_PREFERS_STRING_CATALOGS = YES;
				MTL_ENABLE_DEBUG_INFO = NO;
				MTL_FAST_MATH = YES;
				SDKROOT = iphoneos;
				SWIFT_COMPILATION_MODE = wholemodule;
				VALIDATE_PRODUCT = YES;
			};
			name = Release;
		};
		21B04C032D849A25009E96A4 /* Debug */ = {
			isa = XCBuildConfiguration;
			buildSettings = {
				ASSETCATALOG_COMPILER_APPICON_NAME = AppIcon;
				ASSETCATALOG_COMPILER_GLOBAL_ACCENT_COLOR_NAME = AccentColor;
				CODE_SIGN_STYLE = Automatic;
				CURRENT_PROJECT_VERSION = 1;
				GENERATE_INFOPLIST_FILE = YES;
				INFOPLIST_FILE = WeatherApp/Info.plist;
				INFOPLIST_KEY_UIApplicationSupportsIndirectInputEvents = YES;
				INFOPLIST_KEY_UILaunchStoryboardName = LaunchScreen;
				INFOPLIST_KEY_UIMainStoryboardFile = Main;
				INFOPLIST_KEY_UISupportedInterfaceOrientations_iPad = "UIInterfaceOrientationPortrait UIInterfaceOrientationPortraitUpsideDown UIInterfaceOrientationLandscapeLeft UIInterfaceOrientationLandscapeRight";
				INFOPLIST_KEY_UISupportedInterfaceOrientations_iPhone = "UIInterfaceOrientationPortrait UIInterfaceOrientationLandscapeLeft UIInterfaceOrientationLandscapeRight";
				LD_RUNPATH_SEARCH_PATHS = (
					"$(inherited)",
					"@executable_path/Frameworks",
				);
				MARKETING_VERSION = 1.0;
				PRODUCT_BUNDLE_IDENTIFIER = ca.Week9.WeatherApp;
				PRODUCT_NAME = "$(TARGET_NAME)";
				SWIFT_EMIT_LOC_STRINGS = YES;
				SWIFT_VERSION = 5.0;
				TARGETED_DEVICE_FAMILY = "1,2";
			};
			name = Debug;
		};
		21B04C042D849A25009E96A4 /* Release */ = {
			isa = XCBuildConfiguration;
			buildSettings = {
				ASSETCATALOG_COMPILER_APPICON_NAME = AppIcon;
				ASSETCATALOG_COMPILER_GLOBAL_ACCENT_COLOR_NAME = AccentColor;
				CODE_SIGN_STYLE = Automatic;
				CURRENT_PROJECT_VERSION = 1;
				GENERATE_INFOPLIST_FILE = YES;
				INFOPLIST_FILE = WeatherApp/Info.plist;
				INFOPLIST_KEY_UIApplicationSupportsIndirectInputEvents = YES;
				INFOPLIST_KEY_UILaunchStoryboardName = LaunchScreen;
				INFOPLIST_KEY_UIMainStoryboardFile = Main;
				INFOPLIST_KEY_UISupportedInterfaceOrientations_iPad = "UIInterfaceOrientationPortrait UIInterfaceOrientationPortraitUpsideDown UIInterfaceOrientationLandscapeLeft UIInterfaceOrientationLandscapeRight";
				INFOPLIST_KEY_UISupportedInterfaceOrientations_iPhone = "UIInterfaceOrientationPortrait UIInterfaceOrientationLandscapeLeft UIInterfaceOrientationLandscapeRight";
				LD_RUNPATH_SEARCH_PATHS = (
					"$(inherited)",
					"@executable_path/Frameworks",
				);
				MARKETING_VERSION = 1.0;
				PRODUCT_BUNDLE_IDENTIFIER = ca.Week9.WeatherApp;
				PRODUCT_NAME = "$(TARGET_NAME)";
				SWIFT_EMIT_LOC_STRINGS = YES;
				SWIFT_VERSION = 5.0;
				TARGETED_DEVICE_FAMILY = "1,2";
			};
			name = Release;
		};
/* End XCBuildConfiguration section */

/* Begin XCConfigurationList section */
		21B04BE92D849A23009E96A4 /* Build configuration list for PBXProject "WeatherApp" */ = {
			isa = XCConfigurationList;
			buildConfigurations = (
				21B04C002D849A25009E96A4 /* Debug */,
				21B04C012D849A25009E96A4 /* Release */,
			);
			defaultConfigurationIsVisible = 0;
			defaultConfigurationName = Release;
		};
		21B04C022D849A25009E96A4 /* Build configuration list for PBXNativeTarget "WeatherApp" */ = {
			isa = XCConfigurationList;
			buildConfigurations = (
				21B04C032D849A25009E96A4 /* Debug */,
				21B04C042D849A25009E96A4 /* Release */,
			);
			defaultConfigurationIsVisible = 0;
			defaultConfigurationName = Release;
		};
/* End XCConfigurationList section */

/* Begin XCVersionGroup section */
		21ABC2942D9712070075FAFE /* weatherapp_coredata_model.xcdatamodeld */ = {
			isa = XCVersionGroup;
			children = (
				21ABC2952D9712070075FAFE /* weatherapp_coredata_model.xcdatamodel */,
			);
			currentVersion = 21ABC2952D9712070075FAFE /* weatherapp_coredata_model.xcdatamodel */;
			name = weatherapp_coredata_model.xcdatamodeld;
			path = "/Users/rania/Documents/GitHub/iOS1-HumberCollege-2W5/iOS1-HumberCollege/WeatherApp/WeatherApp/weatherapp_coredata_model.xcdatamodeld";
			sourceTree = "<group>";
			versionGroupType = wrapper.xcdatamodel;
		};
/* End XCVersionGroup section */
	};
	rootObject = 21B04BE62D849A23009E96A4 /* Project object */;
}
